// !$*UTF8*$!
{
	archiveVersion = 1;
	classes = {
	};
	objectVersion = 48;
	objects = {

/* Begin PBXBuildFile section */
		FC73E6332066EB350045C29F /* CommerceListing.swift in Sources */ = {isa = PBXBuildFile; fileRef = FC73E6322066EB350045C29F /* CommerceListing.swift */; };
		FC73E6352066EB460045C29F /* CommerceExchange.swift in Sources */ = {isa = PBXBuildFile; fileRef = FC73E6342066EB460045C29F /* CommerceExchange.swift */; };
		FC73E6372066EBAA0045C29F /* CommercePrices.swift in Sources */ = {isa = PBXBuildFile; fileRef = FC73E6362066EBAA0045C29F /* CommercePrices.swift */; };
		FC74523C2088F4AC00BB34C3 /* GuildDetails.swift in Sources */ = {isa = PBXBuildFile; fileRef = FC74523B2088F4AC00BB34C3 /* GuildDetails.swift */; };
		FC74523E208905CC00BB34C3 /* GuildLog.swift in Sources */ = {isa = PBXBuildFile; fileRef = FC74523D208905CC00BB34C3 /* GuildLog.swift */; };
		FC7452402089099600BB34C3 /* GuildMember.swift in Sources */ = {isa = PBXBuildFile; fileRef = FC74523F2089099600BB34C3 /* GuildMember.swift */; };
		FC74524220890A4600BB34C3 /* GuildRank.swift in Sources */ = {isa = PBXBuildFile; fileRef = FC74524120890A4600BB34C3 /* GuildRank.swift */; };
		FC74524420890ACC00BB34C3 /* GuildStash.swift in Sources */ = {isa = PBXBuildFile; fileRef = FC74524320890ACC00BB34C3 /* GuildStash.swift */; };
		FC74524620890BA500BB34C3 /* GuildTreasury.swift in Sources */ = {isa = PBXBuildFile; fileRef = FC74524520890BA500BB34C3 /* GuildTreasury.swift */; };
		FC74524820890CAD00BB34C3 /* GuildTeam.swift in Sources */ = {isa = PBXBuildFile; fileRef = FC74524720890CAD00BB34C3 /* GuildTeam.swift */; };
		FC74524A208910CE00BB34C3 /* GuildEmblem.swift in Sources */ = {isa = PBXBuildFile; fileRef = FC745249208910CE00BB34C3 /* GuildEmblem.swift */; };
		FC74526A208A3D6B00BB34C3 /* Achievement.swift in Sources */ = {isa = PBXBuildFile; fileRef = FC745269208A3D6B00BB34C3 /* Achievement.swift */; };
		FC745270208A432800BB34C3 /* DailyAchievement.swift in Sources */ = {isa = PBXBuildFile; fileRef = FC74526F208A432800BB34C3 /* DailyAchievement.swift */; };
		FC745272208A45E800BB34C3 /* AchievementGroup.swift in Sources */ = {isa = PBXBuildFile; fileRef = FC745271208A45E800BB34C3 /* AchievementGroup.swift */; };
		FC745274208A464700BB34C3 /* AchievementCategory.swift in Sources */ = {isa = PBXBuildFile; fileRef = FC745273208A464700BB34C3 /* AchievementCategory.swift */; };
		FC745277208A49F600BB34C3 /* AccountCharacter.swift in Sources */ = {isa = PBXBuildFile; fileRef = FC745276208A49F600BB34C3 /* AccountCharacter.swift */; };
		FC7452BB208A59CF00BB34C3 /* GW2APITests.swift in Sources */ = {isa = PBXBuildFile; fileRef = FC7452BA208A59CF00BB34C3 /* GW2APITests.swift */; };
		FC7452BD208A59CF00BB34C3 /* GW2API.framework in Frameworks */ = {isa = PBXBuildFile; fileRef = FCB65098205DAF2F00814EF8 /* GW2API.framework */; };
		FC91872620879F5F00092F3B /* Currency.swift in Sources */ = {isa = PBXBuildFile; fileRef = FC91872520879F5F00092F3B /* Currency.swift */; };
		FC9187282087A27A00092F3B /* Transaction.swift in Sources */ = {isa = PBXBuildFile; fileRef = FC9187272087A27A00092F3B /* Transaction.swift */; };
		FC91873D2087BB4100092F3B /* Permissions.swift in Sources */ = {isa = PBXBuildFile; fileRef = FC91873C2087BB4100092F3B /* Permissions.swift */; };
		FC91873F2087BBE600092F3B /* GuildUpgrade.swift in Sources */ = {isa = PBXBuildFile; fileRef = FC91873E2087BBE600092F3B /* GuildUpgrade.swift */; };
		FCB6509D205DAF2F00814EF8 /* GW2API.h in Headers */ = {isa = PBXBuildFile; fileRef = FCB6509B205DAF2F00814EF8 /* GW2API.h */; settings = {ATTRIBUTES = (Public, ); }; };
		FCB650A5205DAF7800814EF8 /* RequestSession.swift in Sources */ = {isa = PBXBuildFile; fileRef = FCB650A3205DAF7700814EF8 /* RequestSession.swift */; };
		FCB650A6205DAF7800814EF8 /* GW2Client.swift in Sources */ = {isa = PBXBuildFile; fileRef = FCB650A4205DAF7700814EF8 /* GW2Client.swift */; };
		FCB650B4205DAF9900814EF8 /* AccountAchievement.swift in Sources */ = {isa = PBXBuildFile; fileRef = FCB650A9205DAF9800814EF8 /* AccountAchievement.swift */; };
		FCB650B5205DAF9900814EF8 /* AccountMaterial.swift in Sources */ = {isa = PBXBuildFile; fileRef = FCB650AA205DAF9800814EF8 /* AccountMaterial.swift */; };
		FCB650B6205DAF9900814EF8 /* AccountBankItem.swift in Sources */ = {isa = PBXBuildFile; fileRef = FCB650AB205DAF9800814EF8 /* AccountBankItem.swift */; };
		FCB650B7205DAF9900814EF8 /* AccountMasteryPoints.swift in Sources */ = {isa = PBXBuildFile; fileRef = FCB650AC205DAF9800814EF8 /* AccountMasteryPoints.swift */; };
		FCB650B8205DAF9900814EF8 /* Account.swift in Sources */ = {isa = PBXBuildFile; fileRef = FCB650AD205DAF9800814EF8 /* Account.swift */; };
		FCB650B9205DAF9900814EF8 /* AccountCat.swift in Sources */ = {isa = PBXBuildFile; fileRef = FCB650AE205DAF9800814EF8 /* AccountCat.swift */; };
		FCB650BA205DAF9900814EF8 /* Build.swift in Sources */ = {isa = PBXBuildFile; fileRef = FCB650AF205DAF9800814EF8 /* Build.swift */; };
		FCB650BB205DAF9900814EF8 /* Colors.swift in Sources */ = {isa = PBXBuildFile; fileRef = FCB650B0205DAF9800814EF8 /* Colors.swift */; };
		FCB650BC205DAF9900814EF8 /* AccountFinisher.swift in Sources */ = {isa = PBXBuildFile; fileRef = FCB650B1205DAF9800814EF8 /* AccountFinisher.swift */; };
		FCB650BD205DAF9900814EF8 /* AccountInventoryItem.swift in Sources */ = {isa = PBXBuildFile; fileRef = FCB650B2205DAF9800814EF8 /* AccountInventoryItem.swift */; };
		FCB650BE205DAF9900814EF8 /* AccountMastery.swift in Sources */ = {isa = PBXBuildFile; fileRef = FCB650B3205DAF9800814EF8 /* AccountMastery.swift */; };
		FCB650C1205DAFA100814EF8 /* APIObject.swift in Sources */ = {isa = PBXBuildFile; fileRef = FCB650BF205DAFA100814EF8 /* APIObject.swift */; };
/* End PBXBuildFile section */

/* Begin PBXContainerItemProxy section */
		FC7452BE208A59CF00BB34C3 /* PBXContainerItemProxy */ = {
			isa = PBXContainerItemProxy;
			containerPortal = FCB6508F205DAF2F00814EF8 /* Project object */;
			proxyType = 1;
			remoteGlobalIDString = FCB65097205DAF2F00814EF8;
			remoteInfo = GW2API;
		};
/* End PBXContainerItemProxy section */

/* Begin PBXFileReference section */
		FC73E6322066EB350045C29F /* CommerceListing.swift */ = {isa = PBXFileReference; lastKnownFileType = sourcecode.swift; path = CommerceListing.swift; sourceTree = "<group>"; };
		FC73E6342066EB460045C29F /* CommerceExchange.swift */ = {isa = PBXFileReference; lastKnownFileType = sourcecode.swift; path = CommerceExchange.swift; sourceTree = "<group>"; };
		FC73E6362066EBAA0045C29F /* CommercePrices.swift */ = {isa = PBXFileReference; lastKnownFileType = sourcecode.swift; path = CommercePrices.swift; sourceTree = "<group>"; };
		FC74523B2088F4AC00BB34C3 /* GuildDetails.swift */ = {isa = PBXFileReference; lastKnownFileType = sourcecode.swift; path = GuildDetails.swift; sourceTree = "<group>"; };
		FC74523D208905CC00BB34C3 /* GuildLog.swift */ = {isa = PBXFileReference; lastKnownFileType = sourcecode.swift; path = GuildLog.swift; sourceTree = "<group>"; };
		FC74523F2089099600BB34C3 /* GuildMember.swift */ = {isa = PBXFileReference; lastKnownFileType = sourcecode.swift; path = GuildMember.swift; sourceTree = "<group>"; };
		FC74524120890A4600BB34C3 /* GuildRank.swift */ = {isa = PBXFileReference; lastKnownFileType = sourcecode.swift; path = GuildRank.swift; sourceTree = "<group>"; };
		FC74524320890ACC00BB34C3 /* GuildStash.swift */ = {isa = PBXFileReference; lastKnownFileType = sourcecode.swift; path = GuildStash.swift; sourceTree = "<group>"; };
		FC74524520890BA500BB34C3 /* GuildTreasury.swift */ = {isa = PBXFileReference; lastKnownFileType = sourcecode.swift; path = GuildTreasury.swift; sourceTree = "<group>"; };
		FC74524720890CAD00BB34C3 /* GuildTeam.swift */ = {isa = PBXFileReference; lastKnownFileType = sourcecode.swift; path = GuildTeam.swift; sourceTree = "<group>"; };
		FC745249208910CE00BB34C3 /* GuildEmblem.swift */ = {isa = PBXFileReference; lastKnownFileType = sourcecode.swift; path = GuildEmblem.swift; sourceTree = "<group>"; };
		FC745269208A3D6B00BB34C3 /* Achievement.swift */ = {isa = PBXFileReference; lastKnownFileType = sourcecode.swift; path = Achievement.swift; sourceTree = "<group>"; };
		FC74526F208A432800BB34C3 /* DailyAchievement.swift */ = {isa = PBXFileReference; lastKnownFileType = sourcecode.swift; path = DailyAchievement.swift; sourceTree = "<group>"; };
		FC745271208A45E800BB34C3 /* AchievementGroup.swift */ = {isa = PBXFileReference; lastKnownFileType = sourcecode.swift; path = AchievementGroup.swift; sourceTree = "<group>"; };
		FC745273208A464700BB34C3 /* AchievementCategory.swift */ = {isa = PBXFileReference; lastKnownFileType = sourcecode.swift; path = AchievementCategory.swift; sourceTree = "<group>"; };
		FC745276208A49F600BB34C3 /* AccountCharacter.swift */ = {isa = PBXFileReference; lastKnownFileType = sourcecode.swift; path = AccountCharacter.swift; sourceTree = "<group>"; };
		FC7452B8208A59CF00BB34C3 /* GW2APITests.xctest */ = {isa = PBXFileReference; explicitFileType = wrapper.cfbundle; includeInIndex = 0; path = GW2APITests.xctest; sourceTree = BUILT_PRODUCTS_DIR; };
		FC7452BA208A59CF00BB34C3 /* GW2APITests.swift */ = {isa = PBXFileReference; lastKnownFileType = sourcecode.swift; path = GW2APITests.swift; sourceTree = "<group>"; };
		FC7452BC208A59CF00BB34C3 /* Info.plist */ = {isa = PBXFileReference; lastKnownFileType = text.plist.xml; path = Info.plist; sourceTree = "<group>"; };
		FC91872520879F5F00092F3B /* Currency.swift */ = {isa = PBXFileReference; lastKnownFileType = sourcecode.swift; path = Currency.swift; sourceTree = "<group>"; };
		FC9187272087A27A00092F3B /* Transaction.swift */ = {isa = PBXFileReference; lastKnownFileType = sourcecode.swift; path = Transaction.swift; sourceTree = "<group>"; };
		FC91873C2087BB4100092F3B /* Permissions.swift */ = {isa = PBXFileReference; lastKnownFileType = sourcecode.swift; path = Permissions.swift; sourceTree = "<group>"; };
		FC91873E2087BBE600092F3B /* GuildUpgrade.swift */ = {isa = PBXFileReference; lastKnownFileType = sourcecode.swift; path = GuildUpgrade.swift; sourceTree = "<group>"; };
		FCB65098205DAF2F00814EF8 /* GW2API.framework */ = {isa = PBXFileReference; explicitFileType = wrapper.framework; includeInIndex = 0; path = GW2API.framework; sourceTree = BUILT_PRODUCTS_DIR; };
		FCB6509B205DAF2F00814EF8 /* GW2API.h */ = {isa = PBXFileReference; lastKnownFileType = sourcecode.c.h; path = GW2API.h; sourceTree = "<group>"; };
		FCB6509C205DAF2F00814EF8 /* Info.plist */ = {isa = PBXFileReference; lastKnownFileType = text.plist.xml; path = Info.plist; sourceTree = "<group>"; };
		FCB650A3205DAF7700814EF8 /* RequestSession.swift */ = {isa = PBXFileReference; fileEncoding = 4; lastKnownFileType = sourcecode.swift; path = RequestSession.swift; sourceTree = "<group>"; };
		FCB650A4205DAF7700814EF8 /* GW2Client.swift */ = {isa = PBXFileReference; fileEncoding = 4; lastKnownFileType = sourcecode.swift; path = GW2Client.swift; sourceTree = "<group>"; };
		FCB650A9205DAF9800814EF8 /* AccountAchievement.swift */ = {isa = PBXFileReference; fileEncoding = 4; lastKnownFileType = sourcecode.swift; path = AccountAchievement.swift; sourceTree = "<group>"; };
		FCB650AA205DAF9800814EF8 /* AccountMaterial.swift */ = {isa = PBXFileReference; fileEncoding = 4; lastKnownFileType = sourcecode.swift; path = AccountMaterial.swift; sourceTree = "<group>"; };
		FCB650AB205DAF9800814EF8 /* AccountBankItem.swift */ = {isa = PBXFileReference; fileEncoding = 4; lastKnownFileType = sourcecode.swift; path = AccountBankItem.swift; sourceTree = "<group>"; };
		FCB650AC205DAF9800814EF8 /* AccountMasteryPoints.swift */ = {isa = PBXFileReference; fileEncoding = 4; lastKnownFileType = sourcecode.swift; path = AccountMasteryPoints.swift; sourceTree = "<group>"; };
		FCB650AD205DAF9800814EF8 /* Account.swift */ = {isa = PBXFileReference; fileEncoding = 4; lastKnownFileType = sourcecode.swift; path = Account.swift; sourceTree = "<group>"; };
		FCB650AE205DAF9800814EF8 /* AccountCat.swift */ = {isa = PBXFileReference; fileEncoding = 4; lastKnownFileType = sourcecode.swift; path = AccountCat.swift; sourceTree = "<group>"; };
		FCB650AF205DAF9800814EF8 /* Build.swift */ = {isa = PBXFileReference; fileEncoding = 4; lastKnownFileType = sourcecode.swift; path = Build.swift; sourceTree = "<group>"; };
		FCB650B0205DAF9800814EF8 /* Colors.swift */ = {isa = PBXFileReference; fileEncoding = 4; lastKnownFileType = sourcecode.swift; path = Colors.swift; sourceTree = "<group>"; };
		FCB650B1205DAF9800814EF8 /* AccountFinisher.swift */ = {isa = PBXFileReference; fileEncoding = 4; lastKnownFileType = sourcecode.swift; path = AccountFinisher.swift; sourceTree = "<group>"; };
		FCB650B2205DAF9800814EF8 /* AccountInventoryItem.swift */ = {isa = PBXFileReference; fileEncoding = 4; lastKnownFileType = sourcecode.swift; path = AccountInventoryItem.swift; sourceTree = "<group>"; };
		FCB650B3205DAF9800814EF8 /* AccountMastery.swift */ = {isa = PBXFileReference; fileEncoding = 4; lastKnownFileType = sourcecode.swift; path = AccountMastery.swift; sourceTree = "<group>"; };
		FCB650BF205DAFA100814EF8 /* APIObject.swift */ = {isa = PBXFileReference; fileEncoding = 4; lastKnownFileType = sourcecode.swift; path = APIObject.swift; sourceTree = "<group>"; };
/* End PBXFileReference section */

/* Begin PBXFrameworksBuildPhase section */
		FC7452B5208A59CF00BB34C3 /* Frameworks */ = {
			isa = PBXFrameworksBuildPhase;
			buildActionMask = 2147483647;
			files = (
				FC7452BD208A59CF00BB34C3 /* GW2API.framework in Frameworks */,
			);
			runOnlyForDeploymentPostprocessing = 0;
		};
		FCB65094205DAF2F00814EF8 /* Frameworks */ = {
			isa = PBXFrameworksBuildPhase;
			buildActionMask = 2147483647;
			files = (
			);
			runOnlyForDeploymentPostprocessing = 0;
		};
/* End PBXFrameworksBuildPhase section */

/* Begin PBXGroup section */
		FC74524B208911A100BB34C3 /* Guild */ = {
			isa = PBXGroup;
			children = (
				FC91873C2087BB4100092F3B /* Permissions.swift */,
				FC91873E2087BBE600092F3B /* GuildUpgrade.swift */,
				FC74523B2088F4AC00BB34C3 /* GuildDetails.swift */,
				FC74523D208905CC00BB34C3 /* GuildLog.swift */,
				FC74523F2089099600BB34C3 /* GuildMember.swift */,
				FC74524120890A4600BB34C3 /* GuildRank.swift */,
				FC74524320890ACC00BB34C3 /* GuildStash.swift */,
				FC74524520890BA500BB34C3 /* GuildTreasury.swift */,
				FC74524720890CAD00BB34C3 /* GuildTeam.swift */,
				FC745249208910CE00BB34C3 /* GuildEmblem.swift */,
			);
			path = Guild;
			sourceTree = "<group>";
		};
		FC74524D2089120500BB34C3 /* Trading Post */ = {
			isa = PBXGroup;
			children = (
				FC73E6322066EB350045C29F /* CommerceListing.swift */,
				FC73E6342066EB460045C29F /* CommerceExchange.swift */,
				FC73E6362066EBAA0045C29F /* CommercePrices.swift */,
				FC91872520879F5F00092F3B /* Currency.swift */,
				FC9187272087A27A00092F3B /* Transaction.swift */,
			);
			path = "Trading Post";
			sourceTree = "<group>";
		};
		FC745267208923B600BB34C3 /* Misc */ = {
			isa = PBXGroup;
			children = (
				FCB650AF205DAF9800814EF8 /* Build.swift */,
				FCB650B0205DAF9800814EF8 /* Colors.swift */,
			);
			path = Misc;
			sourceTree = "<group>";
		};
		FC7452682089260400BB34C3 /* Achievements */ = {
			isa = PBXGroup;
			children = (
				FC745269208A3D6B00BB34C3 /* Achievement.swift */,
				FC74526F208A432800BB34C3 /* DailyAchievement.swift */,
				FC745271208A45E800BB34C3 /* AchievementGroup.swift */,
				FC745273208A464700BB34C3 /* AchievementCategory.swift */,
			);
			path = Achievements;
			sourceTree = "<group>";
		};
		FC745275208A470E00BB34C3 /* Authenticated */ = {
			isa = PBXGroup;
			children = (
				FCB650AD205DAF9800814EF8 /* Account.swift */,
				FCB650A9205DAF9800814EF8 /* AccountAchievement.swift */,
				FCB650AB205DAF9800814EF8 /* AccountBankItem.swift */,
				FCB650AE205DAF9800814EF8 /* AccountCat.swift */,
				FCB650B1205DAF9800814EF8 /* AccountFinisher.swift */,
				FCB650B2205DAF9800814EF8 /* AccountInventoryItem.swift */,
				FCB650B3205DAF9800814EF8 /* AccountMastery.swift */,
				FCB650AC205DAF9800814EF8 /* AccountMasteryPoints.swift */,
				FCB650AA205DAF9800814EF8 /* AccountMaterial.swift */,
				FC745276208A49F600BB34C3 /* AccountCharacter.swift */,
			);
			path = Authenticated;
			sourceTree = "<group>";
		};
		FC7452B9208A59CF00BB34C3 /* GW2APITests */ = {
			isa = PBXGroup;
			children = (
				FC7452BA208A59CF00BB34C3 /* GW2APITests.swift */,
				FC7452BC208A59CF00BB34C3 /* Info.plist */,
			);
			path = GW2APITests;
			sourceTree = "<group>";
		};
		FCB6508E205DAF2F00814EF8 = {
			isa = PBXGroup;
			children = (
				FCB6509A205DAF2F00814EF8 /* GW2API */,
				FC7452B9208A59CF00BB34C3 /* GW2APITests */,
				FCB65099205DAF2F00814EF8 /* Products */,
			);
			sourceTree = "<group>";
		};
		FCB65099205DAF2F00814EF8 /* Products */ = {
			isa = PBXGroup;
			children = (
				FCB65098205DAF2F00814EF8 /* GW2API.framework */,
				FC7452B8208A59CF00BB34C3 /* GW2APITests.xctest */,
			);
			name = Products;
			sourceTree = "<group>";
		};
		FCB6509A205DAF2F00814EF8 /* GW2API */ = {
			isa = PBXGroup;
			children = (
				FCB650A8205DAF8A00814EF8 /* API Objects */,
				FCB650A7205DAF8300814EF8 /* JSON Models */,
				FCB650A4205DAF7700814EF8 /* GW2Client.swift */,
				FCB650A3205DAF7700814EF8 /* RequestSession.swift */,
				FCB6509B205DAF2F00814EF8 /* GW2API.h */,
				FCB6509C205DAF2F00814EF8 /* Info.plist */,
			);
			path = GW2API;
			sourceTree = "<group>";
		};
		FCB650A7205DAF8300814EF8 /* JSON Models */ = {
			isa = PBXGroup;
			children = (
				FC7452682089260400BB34C3 /* Achievements */,
				FC745275208A470E00BB34C3 /* Authenticated */,
				FC745267208923B600BB34C3 /* Misc */,
				FC74524D2089120500BB34C3 /* Trading Post */,
				FC74524B208911A100BB34C3 /* Guild */,
			);
			path = "JSON Models";
			sourceTree = "<group>";
		};
		FCB650A8205DAF8A00814EF8 /* API Objects */ = {
			isa = PBXGroup;
			children = (
				FCB650BF205DAFA100814EF8 /* APIObject.swift */,
			);
			path = "API Objects";
			sourceTree = "<group>";
		};
/* End PBXGroup section */

/* Begin PBXHeadersBuildPhase section */
		FCB65095205DAF2F00814EF8 /* Headers */ = {
			isa = PBXHeadersBuildPhase;
			buildActionMask = 2147483647;
			files = (
				FCB6509D205DAF2F00814EF8 /* GW2API.h in Headers */,
			);
			runOnlyForDeploymentPostprocessing = 0;
		};
/* End PBXHeadersBuildPhase section */

/* Begin PBXNativeTarget section */
		FC7452B7208A59CF00BB34C3 /* GW2APITests */ = {
			isa = PBXNativeTarget;
			buildConfigurationList = FC7452C0208A59CF00BB34C3 /* Build configuration list for PBXNativeTarget "GW2APITests" */;
			buildPhases = (
				FC7452B4208A59CF00BB34C3 /* Sources */,
				FC7452B5208A59CF00BB34C3 /* Frameworks */,
				FC7452B6208A59CF00BB34C3 /* Resources */,
			);
			buildRules = (
			);
			dependencies = (
				FC7452BF208A59CF00BB34C3 /* PBXTargetDependency */,
			);
			name = GW2APITests;
			productName = GW2APITests;
			productReference = FC7452B8208A59CF00BB34C3 /* GW2APITests.xctest */;
			productType = "com.apple.product-type.bundle.unit-test";
		};
		FCB65097205DAF2F00814EF8 /* GW2API */ = {
			isa = PBXNativeTarget;
			buildConfigurationList = FCB650A0205DAF2F00814EF8 /* Build configuration list for PBXNativeTarget "GW2API" */;
			buildPhases = (
				FCB65093205DAF2F00814EF8 /* Sources */,
				FCB65094205DAF2F00814EF8 /* Frameworks */,
				FCB65095205DAF2F00814EF8 /* Headers */,
				FCB65096205DAF2F00814EF8 /* Resources */,
			);
			buildRules = (
			);
			dependencies = (
			);
			name = GW2API;
			productName = GW2API;
			productReference = FCB65098205DAF2F00814EF8 /* GW2API.framework */;
			productType = "com.apple.product-type.framework";
		};
/* End PBXNativeTarget section */

/* Begin PBXProject section */
		FCB6508F205DAF2F00814EF8 /* Project object */ = {
			isa = PBXProject;
			attributes = {
				LastSwiftUpdateCheck = 0920;
				LastUpgradeCheck = 0920;
				ORGANIZATIONNAME = "Jonathan Bailey";
				TargetAttributes = {
					FC7452B7208A59CF00BB34C3 = {
						CreatedOnToolsVersion = 9.2;
						ProvisioningStyle = Automatic;
					};
					FCB65097205DAF2F00814EF8 = {
						CreatedOnToolsVersion = 9.2;
						LastSwiftMigration = 0920;
						ProvisioningStyle = Automatic;
					};
				};
			};
			buildConfigurationList = FCB65092205DAF2F00814EF8 /* Build configuration list for PBXProject "GW2API" */;
			compatibilityVersion = "Xcode 8.0";
			developmentRegion = en;
			hasScannedForEncodings = 0;
			knownRegions = (
				en,
			);
			mainGroup = FCB6508E205DAF2F00814EF8;
			productRefGroup = FCB65099205DAF2F00814EF8 /* Products */;
			projectDirPath = "";
			projectRoot = "";
			targets = (
				FCB65097205DAF2F00814EF8 /* GW2API */,
				FC7452B7208A59CF00BB34C3 /* GW2APITests */,
			);
		};
/* End PBXProject section */

/* Begin PBXResourcesBuildPhase section */
		FC7452B6208A59CF00BB34C3 /* Resources */ = {
			isa = PBXResourcesBuildPhase;
			buildActionMask = 2147483647;
			files = (
			);
			runOnlyForDeploymentPostprocessing = 0;
		};
		FCB65096205DAF2F00814EF8 /* Resources */ = {
			isa = PBXResourcesBuildPhase;
			buildActionMask = 2147483647;
			files = (
			);
			runOnlyForDeploymentPostprocessing = 0;
		};
/* End PBXResourcesBuildPhase section */

/* Begin PBXSourcesBuildPhase section */
		FC7452B4208A59CF00BB34C3 /* Sources */ = {
			isa = PBXSourcesBuildPhase;
			buildActionMask = 2147483647;
			files = (
				FC7452BB208A59CF00BB34C3 /* GW2APITests.swift in Sources */,
			);
			runOnlyForDeploymentPostprocessing = 0;
		};
		FCB65093205DAF2F00814EF8 /* Sources */ = {
			isa = PBXSourcesBuildPhase;
			buildActionMask = 2147483647;
			files = (
				FC74523E208905CC00BB34C3 /* GuildLog.swift in Sources */,
				FCB650C1205DAFA100814EF8 /* APIObject.swift in Sources */,
				FCB650B7205DAF9900814EF8 /* AccountMasteryPoints.swift in Sources */,
				FCB650BB205DAF9900814EF8 /* Colors.swift in Sources */,
				FC73E6352066EB460045C29F /* CommerceExchange.swift in Sources */,
				FC74524A208910CE00BB34C3 /* GuildEmblem.swift in Sources */,
				FCB650B5205DAF9900814EF8 /* AccountMaterial.swift in Sources */,
				FC74523C2088F4AC00BB34C3 /* GuildDetails.swift in Sources */,
				FCB650BD205DAF9900814EF8 /* AccountInventoryItem.swift in Sources */,
				FC73E6332066EB350045C29F /* CommerceListing.swift in Sources */,
				FC74524420890ACC00BB34C3 /* GuildStash.swift in Sources */,
				FC74524220890A4600BB34C3 /* GuildRank.swift in Sources */,
				FC91873D2087BB4100092F3B /* Permissions.swift in Sources */,
				FC745272208A45E800BB34C3 /* AchievementGroup.swift in Sources */,
				FCB650A5205DAF7800814EF8 /* RequestSession.swift in Sources */,
				FCB650B4205DAF9900814EF8 /* AccountAchievement.swift in Sources */,
				FCB650B9205DAF9900814EF8 /* AccountCat.swift in Sources */,
				FC91872620879F5F00092F3B /* Currency.swift in Sources */,
				FC74526A208A3D6B00BB34C3 /* Achievement.swift in Sources */,
				FCB650BE205DAF9900814EF8 /* AccountMastery.swift in Sources */,
				FCB650BA205DAF9900814EF8 /* Build.swift in Sources */,
				FC7452402089099600BB34C3 /* GuildMember.swift in Sources */,
				FC91873F2087BBE600092F3B /* GuildUpgrade.swift in Sources */,
				FCB650BC205DAF9900814EF8 /* AccountFinisher.swift in Sources */,
				FC9187282087A27A00092F3B /* Transaction.swift in Sources */,
				FC745270208A432800BB34C3 /* DailyAchievement.swift in Sources */,
				FC745277208A49F600BB34C3 /* AccountCharacter.swift in Sources */,
				FC73E6372066EBAA0045C29F /* CommercePrices.swift in Sources */,
				FCB650A6205DAF7800814EF8 /* GW2Client.swift in Sources */,
				FC745274208A464700BB34C3 /* AchievementCategory.swift in Sources */,
				FC74524820890CAD00BB34C3 /* GuildTeam.swift in Sources */,
				FCB650B6205DAF9900814EF8 /* AccountBankItem.swift in Sources */,
				FC74524620890BA500BB34C3 /* GuildTreasury.swift in Sources */,
				FCB650B8205DAF9900814EF8 /* Account.swift in Sources */,
			);
			runOnlyForDeploymentPostprocessing = 0;
		};
/* End PBXSourcesBuildPhase section */

/* Begin PBXTargetDependency section */
		FC7452BF208A59CF00BB34C3 /* PBXTargetDependency */ = {
			isa = PBXTargetDependency;
			target = FCB65097205DAF2F00814EF8 /* GW2API */;
			targetProxy = FC7452BE208A59CF00BB34C3 /* PBXContainerItemProxy */;
		};
/* End PBXTargetDependency section */

/* Begin XCBuildConfiguration section */
		FC7452C1208A59CF00BB34C3 /* Debug */ = {
			isa = XCBuildConfiguration;
			buildSettings = {
				CODE_SIGN_STYLE = Automatic;
				DEVELOPMENT_TEAM = 49J6GMFE89;
				INFOPLIST_FILE = GW2APITests/Info.plist;
				LD_RUNPATH_SEARCH_PATHS = "$(inherited) @executable_path/Frameworks @loader_path/Frameworks";
				PRODUCT_BUNDLE_IDENTIFIER = ChimeraTech.GW2APITests;
				PRODUCT_NAME = "$(TARGET_NAME)";
				SWIFT_VERSION = 4.0;
				TARGETED_DEVICE_FAMILY = "1,2";
			};
			name = Debug;
		};
		FC7452C2208A59CF00BB34C3 /* Release */ = {
			isa = XCBuildConfiguration;
			buildSettings = {
				CODE_SIGN_STYLE = Automatic;
				DEVELOPMENT_TEAM = 49J6GMFE89;
				INFOPLIST_FILE = GW2APITests/Info.plist;
				LD_RUNPATH_SEARCH_PATHS = "$(inherited) @executable_path/Frameworks @loader_path/Frameworks";
				PRODUCT_BUNDLE_IDENTIFIER = ChimeraTech.GW2APITests;
				PRODUCT_NAME = "$(TARGET_NAME)";
				SWIFT_VERSION = 4.0;
				TARGETED_DEVICE_FAMILY = "1,2";
			};
			name = Release;
		};
		FCB6509E205DAF2F00814EF8 /* Debug */ = {
			isa = XCBuildConfiguration;
			buildSettings = {
				ALWAYS_SEARCH_USER_PATHS = NO;
				CLANG_ANALYZER_NONNULL = YES;
				CLANG_ANALYZER_NUMBER_OBJECT_CONVERSION = YES_AGGRESSIVE;
				CLANG_CXX_LANGUAGE_STANDARD = "gnu++14";
				CLANG_CXX_LIBRARY = "libc++";
				CLANG_ENABLE_MODULES = YES;
				CLANG_ENABLE_OBJC_ARC = YES;
				CLANG_WARN_BLOCK_CAPTURE_AUTORELEASING = YES;
				CLANG_WARN_BOOL_CONVERSION = YES;
				CLANG_WARN_COMMA = YES;
				CLANG_WARN_CONSTANT_CONVERSION = YES;
				CLANG_WARN_DIRECT_OBJC_ISA_USAGE = YES_ERROR;
				CLANG_WARN_DOCUMENTATION_COMMENTS = YES;
				CLANG_WARN_EMPTY_BODY = YES;
				CLANG_WARN_ENUM_CONVERSION = YES;
				CLANG_WARN_INFINITE_RECURSION = YES;
				CLANG_WARN_INT_CONVERSION = YES;
				CLANG_WARN_NON_LITERAL_NULL_CONVERSION = YES;
				CLANG_WARN_OBJC_LITERAL_CONVERSION = YES;
				CLANG_WARN_OBJC_ROOT_CLASS = YES_ERROR;
				CLANG_WARN_RANGE_LOOP_ANALYSIS = YES;
				CLANG_WARN_STRICT_PROTOTYPES = YES;
				CLANG_WARN_SUSPICIOUS_MOVE = YES;
				CLANG_WARN_UNGUARDED_AVAILABILITY = YES_AGGRESSIVE;
				CLANG_WARN_UNREACHABLE_CODE = YES;
				CLANG_WARN__DUPLICATE_METHOD_MATCH = YES;
				CODE_SIGN_IDENTITY = "iPhone Developer";
				COPY_PHASE_STRIP = NO;
				CURRENT_PROJECT_VERSION = 1;
				DEBUG_INFORMATION_FORMAT = dwarf;
				ENABLE_STRICT_OBJC_MSGSEND = YES;
				ENABLE_TESTABILITY = YES;
				GCC_C_LANGUAGE_STANDARD = gnu11;
				GCC_DYNAMIC_NO_PIC = NO;
				GCC_NO_COMMON_BLOCKS = YES;
				GCC_OPTIMIZATION_LEVEL = 0;
				GCC_PREPROCESSOR_DEFINITIONS = (
					"DEBUG=1",
					"$(inherited)",
				);
				GCC_WARN_64_TO_32_BIT_CONVERSION = YES;
				GCC_WARN_ABOUT_RETURN_TYPE = YES_ERROR;
				GCC_WARN_UNDECLARED_SELECTOR = YES;
				GCC_WARN_UNINITIALIZED_AUTOS = YES_AGGRESSIVE;
				GCC_WARN_UNUSED_FUNCTION = YES;
				GCC_WARN_UNUSED_VARIABLE = YES;
				IPHONEOS_DEPLOYMENT_TARGET = 11.2;
				MTL_ENABLE_DEBUG_INFO = YES;
				ONLY_ACTIVE_ARCH = YES;
				SDKROOT = iphoneos;
				SWIFT_ACTIVE_COMPILATION_CONDITIONS = DEBUG;
				SWIFT_OPTIMIZATION_LEVEL = "-Onone";
				VERSIONING_SYSTEM = "apple-generic";
				VERSION_INFO_PREFIX = "";
			};
			name = Debug;
		};
		FCB6509F205DAF2F00814EF8 /* Release */ = {
			isa = XCBuildConfiguration;
			buildSettings = {
				ALWAYS_SEARCH_USER_PATHS = NO;
				CLANG_ANALYZER_NONNULL = YES;
				CLANG_ANALYZER_NUMBER_OBJECT_CONVERSION = YES_AGGRESSIVE;
				CLANG_CXX_LANGUAGE_STANDARD = "gnu++14";
				CLANG_CXX_LIBRARY = "libc++";
				CLANG_ENABLE_MODULES = YES;
				CLANG_ENABLE_OBJC_ARC = YES;
				CLANG_WARN_BLOCK_CAPTURE_AUTORELEASING = YES;
				CLANG_WARN_BOOL_CONVERSION = YES;
				CLANG_WARN_COMMA = YES;
				CLANG_WARN_CONSTANT_CONVERSION = YES;
				CLANG_WARN_DIRECT_OBJC_ISA_USAGE = YES_ERROR;
				CLANG_WARN_DOCUMENTATION_COMMENTS = YES;
				CLANG_WARN_EMPTY_BODY = YES;
				CLANG_WARN_ENUM_CONVERSION = YES;
				CLANG_WARN_INFINITE_RECURSION = YES;
				CLANG_WARN_INT_CONVERSION = YES;
				CLANG_WARN_NON_LITERAL_NULL_CONVERSION = YES;
				CLANG_WARN_OBJC_LITERAL_CONVERSION = YES;
				CLANG_WARN_OBJC_ROOT_CLASS = YES_ERROR;
				CLANG_WARN_RANGE_LOOP_ANALYSIS = YES;
				CLANG_WARN_STRICT_PROTOTYPES = YES;
				CLANG_WARN_SUSPICIOUS_MOVE = YES;
				CLANG_WARN_UNGUARDED_AVAILABILITY = YES_AGGRESSIVE;
				CLANG_WARN_UNREACHABLE_CODE = YES;
				CLANG_WARN__DUPLICATE_METHOD_MATCH = YES;
				CODE_SIGN_IDENTITY = "iPhone Developer";
				COPY_PHASE_STRIP = NO;
				CURRENT_PROJECT_VERSION = 1;
				DEBUG_INFORMATION_FORMAT = "dwarf-with-dsym";
				ENABLE_NS_ASSERTIONS = NO;
				ENABLE_STRICT_OBJC_MSGSEND = YES;
				GCC_C_LANGUAGE_STANDARD = gnu11;
				GCC_NO_COMMON_BLOCKS = YES;
				GCC_WARN_64_TO_32_BIT_CONVERSION = YES;
				GCC_WARN_ABOUT_RETURN_TYPE = YES_ERROR;
				GCC_WARN_UNDECLARED_SELECTOR = YES;
				GCC_WARN_UNINITIALIZED_AUTOS = YES_AGGRESSIVE;
				GCC_WARN_UNUSED_FUNCTION = YES;
				GCC_WARN_UNUSED_VARIABLE = YES;
				IPHONEOS_DEPLOYMENT_TARGET = 11.2;
				MTL_ENABLE_DEBUG_INFO = NO;
				SDKROOT = iphoneos;
				SWIFT_OPTIMIZATION_LEVEL = "-Owholemodule";
				VALIDATE_PRODUCT = YES;
				VERSIONING_SYSTEM = "apple-generic";
				VERSION_INFO_PREFIX = "";
			};
			name = Release;
		};
		FCB650A1205DAF2F00814EF8 /* Debug */ = {
			isa = XCBuildConfiguration;
			buildSettings = {
				CLANG_ENABLE_MODULES = YES;
				CODE_SIGN_IDENTITY = "";
				CODE_SIGN_STYLE = Automatic;
				DEFINES_MODULE = YES;
				DEVELOPMENT_TEAM = 49J6GMFE89;
				DYLIB_COMPATIBILITY_VERSION = 1;
				DYLIB_CURRENT_VERSION = 1;
				DYLIB_INSTALL_NAME_BASE = "@rpath";
				INFOPLIST_FILE = GW2API/Info.plist;
				INSTALL_PATH = "$(LOCAL_LIBRARY_DIR)/Frameworks";
				LD_RUNPATH_SEARCH_PATHS = "$(inherited) @executable_path/Frameworks @loader_path/Frameworks";
				PRODUCT_BUNDLE_IDENTIFIER = ChimeraTech.GW2API;
				PRODUCT_NAME = "$(TARGET_NAME:c99extidentifier)";
				SKIP_INSTALL = YES;
				SWIFT_OPTIMIZATION_LEVEL = "-Onone";
				SWIFT_VERSION = 4.0;
				TARGETED_DEVICE_FAMILY = "1,2";
			};
			name = Debug;
		};
		FCB650A2205DAF2F00814EF8 /* Release */ = {
			isa = XCBuildConfiguration;
			buildSettings = {
				CLANG_ENABLE_MODULES = YES;
				CODE_SIGN_IDENTITY = "";
				CODE_SIGN_STYLE = Automatic;
				DEFINES_MODULE = YES;
				DEVELOPMENT_TEAM = 49J6GMFE89;
				DYLIB_COMPATIBILITY_VERSION = 1;
				DYLIB_CURRENT_VERSION = 1;
				DYLIB_INSTALL_NAME_BASE = "@rpath";
				INFOPLIST_FILE = GW2API/Info.plist;
				INSTALL_PATH = "$(LOCAL_LIBRARY_DIR)/Frameworks";
				LD_RUNPATH_SEARCH_PATHS = "$(inherited) @executable_path/Frameworks @loader_path/Frameworks";
				PRODUCT_BUNDLE_IDENTIFIER = ChimeraTech.GW2API;
				PRODUCT_NAME = "$(TARGET_NAME:c99extidentifier)";
				SKIP_INSTALL = YES;
				SWIFT_VERSION = 4.0;
				TARGETED_DEVICE_FAMILY = "1,2";
			};
			name = Release;
		};
/* End XCBuildConfiguration section */

/* Begin XCConfigurationList section */
		FC7452C0208A59CF00BB34C3 /* Build configuration list for PBXNativeTarget "GW2APITests" */ = {
			isa = XCConfigurationList;
			buildConfigurations = (
				FC7452C1208A59CF00BB34C3 /* Debug */,
				FC7452C2208A59CF00BB34C3 /* Release */,
			);
			defaultConfigurationIsVisible = 0;
			defaultConfigurationName = Release;
		};
		FCB65092205DAF2F00814EF8 /* Build configuration list for PBXProject "GW2API" */ = {
			isa = XCConfigurationList;
			buildConfigurations = (
				FCB6509E205DAF2F00814EF8 /* Debug */,
				FCB6509F205DAF2F00814EF8 /* Release */,
			);
			defaultConfigurationIsVisible = 0;
			defaultConfigurationName = Release;
		};
		FCB650A0205DAF2F00814EF8 /* Build configuration list for PBXNativeTarget "GW2API" */ = {
			isa = XCConfigurationList;
			buildConfigurations = (
				FCB650A1205DAF2F00814EF8 /* Debug */,
				FCB650A2205DAF2F00814EF8 /* Release */,
			);
			defaultConfigurationIsVisible = 0;
			defaultConfigurationName = Release;
		};
/* End XCConfigurationList section */
	};
	rootObject = FCB6508F205DAF2F00814EF8 /* Project object */;
}
