// !$*UTF8*$!
{
	archiveVersion = 1;
	classes = {
	};
	objectVersion = 52;
	objects = {

/* Begin PBXBuildFile section */
		19878490249EE2CF00162778 /* GW2API.framework in Frameworks */ = {isa = PBXBuildFile; fileRef = 19878486249EE2CF00162778 /* GW2API.framework */; };
		19878497249EE2CF00162778 /* GW2API.h in Headers */ = {isa = PBXBuildFile; fileRef = 19878489249EE2CF00162778 /* GW2API.h */; settings = {ATTRIBUTES = (Public, ); }; };
		1987851F249EE31100162778 /* String+regex.swift in Sources */ = {isa = PBXBuildFile; fileRef = 198784A1249EE31000162778 /* String+regex.swift */; };
		19878520249EE31100162778 /* ItemsClient.swift in Sources */ = {isa = PBXBuildFile; fileRef = 198784A3249EE31000162778 /* ItemsClient.swift */; };
		19878521249EE31100162778 /* StoryClient.swift in Sources */ = {isa = PBXBuildFile; fileRef = 198784A4249EE31000162778 /* StoryClient.swift */; };
		19878522249EE31100162778 /* AuthenticatedClient.swift in Sources */ = {isa = PBXBuildFile; fileRef = 198784A5249EE31000162778 /* AuthenticatedClient.swift */; };
		19878523249EE31100162778 /* PVPClient.swift in Sources */ = {isa = PBXBuildFile; fileRef = 198784A6249EE31000162778 /* PVPClient.swift */; };
		19878524249EE31100162778 /* GuildClient.swift in Sources */ = {isa = PBXBuildFile; fileRef = 198784A7249EE31000162778 /* GuildClient.swift */; };
		19878525249EE31100162778 /* GW2APIClient.swift in Sources */ = {isa = PBXBuildFile; fileRef = 198784A8249EE31000162778 /* GW2APIClient.swift */; };
		19878526249EE31100162778 /* MapInfoClient.swift in Sources */ = {isa = PBXBuildFile; fileRef = 198784A9249EE31000162778 /* MapInfoClient.swift */; };
		19878527249EE31100162778 /* MiscClient.swift in Sources */ = {isa = PBXBuildFile; fileRef = 198784AA249EE31000162778 /* MiscClient.swift */; };
		19878528249EE31100162778 /* AchievementsClient.swift in Sources */ = {isa = PBXBuildFile; fileRef = 198784AB249EE31000162778 /* AchievementsClient.swift */; };
		19878529249EE31100162778 /* GameMechanicsClient.swift in Sources */ = {isa = PBXBuildFile; fileRef = 198784AC249EE31000162778 /* GameMechanicsClient.swift */; };
		1987852A249EE31100162778 /* TradingPostClient.swift in Sources */ = {isa = PBXBuildFile; fileRef = 198784AD249EE31000162778 /* TradingPostClient.swift */; };
		1987852B249EE31100162778 /* WVWClient.swift in Sources */ = {isa = PBXBuildFile; fileRef = 198784AE249EE31000162778 /* WVWClient.swift */; };
		1987852C249EE31100162778 /* GW2ClientLanguage.swift in Sources */ = {isa = PBXBuildFile; fileRef = 198784B0249EE31000162778 /* GW2ClientLanguage.swift */; };
		1987852D249EE31100162778 /* APIUtil.swift in Sources */ = {isa = PBXBuildFile; fileRef = 198784B1249EE31000162778 /* APIUtil.swift */; };
		1987852E249EE31100162778 /* StoryRequests.swift in Sources */ = {isa = PBXBuildFile; fileRef = 198784B3249EE31000162778 /* StoryRequests.swift */; };
		1987852F249EE31100162778 /* TradingPostRequests.swift in Sources */ = {isa = PBXBuildFile; fileRef = 198784B4249EE31000162778 /* TradingPostRequests.swift */; };
		19878530249EE31100162778 /* WVWRequests.swift in Sources */ = {isa = PBXBuildFile; fileRef = 198784B5249EE31000162778 /* WVWRequests.swift */; };
		19878531249EE31100162778 /* ItemsRequests.swift in Sources */ = {isa = PBXBuildFile; fileRef = 198784B6249EE31000162778 /* ItemsRequests.swift */; };
		19878532249EE31100162778 /* MiscRequests.swift in Sources */ = {isa = PBXBuildFile; fileRef = 198784B7249EE31000162778 /* MiscRequests.swift */; };
		19878533249EE31100162778 /* GuildRequests.swift in Sources */ = {isa = PBXBuildFile; fileRef = 198784B8249EE31000162778 /* GuildRequests.swift */; };
		19878534249EE31100162778 /* MapInfoRequests.swift in Sources */ = {isa = PBXBuildFile; fileRef = 198784B9249EE31000162778 /* MapInfoRequests.swift */; };
		19878535249EE31100162778 /* PVPRequests.swift in Sources */ = {isa = PBXBuildFile; fileRef = 198784BA249EE31000162778 /* PVPRequests.swift */; };
		19878537249EE31100162778 /* GameMechanicsRequests.swift in Sources */ = {isa = PBXBuildFile; fileRef = 198784BC249EE31000162778 /* GameMechanicsRequests.swift */; };
		19878538249EE31100162778 /* AchievementsRequests.swift in Sources */ = {isa = PBXBuildFile; fileRef = 198784BD249EE31000162778 /* AchievementsRequests.swift */; };
		19878539249EE31100162778 /* Raid.swift in Sources */ = {isa = PBXBuildFile; fileRef = 198784C0249EE31000162778 /* Raid.swift */; };
		1987853A249EE31100162778 /* Dungeon.swift in Sources */ = {isa = PBXBuildFile; fileRef = 198784C1249EE31000162778 /* Dungeon.swift */; };
		1987853B249EE31100162778 /* Currency.swift in Sources */ = {isa = PBXBuildFile; fileRef = 198784C2249EE31000162778 /* Currency.swift */; };
		1987853C249EE31100162778 /* Mount.swift in Sources */ = {isa = PBXBuildFile; fileRef = 198784C3249EE31000162778 /* Mount.swift */; };
		1987853D249EE31100162778 /* Title.swift in Sources */ = {isa = PBXBuildFile; fileRef = 198784C4249EE31000162778 /* Title.swift */; };
		1987853E249EE31100162778 /* File.swift in Sources */ = {isa = PBXBuildFile; fileRef = 198784C5249EE31000162778 /* File.swift */; };
		1987853F249EE31100162778 /* Build.swift in Sources */ = {isa = PBXBuildFile; fileRef = 198784C6249EE31000162778 /* Build.swift */; };
		19878540249EE31100162778 /* World.swift in Sources */ = {isa = PBXBuildFile; fileRef = 198784C7249EE31000162778 /* World.swift */; };
		19878541249EE31100162778 /* Minipet.swift in Sources */ = {isa = PBXBuildFile; fileRef = 198784C8249EE31000162778 /* Minipet.swift */; };
		19878542249EE31100162778 /* Quaggan.swift in Sources */ = {isa = PBXBuildFile; fileRef = 198784C9249EE31000162778 /* Quaggan.swift */; };
		19878543249EE31100162778 /* Color.swift in Sources */ = {isa = PBXBuildFile; fileRef = 198784CA249EE31000162778 /* Color.swift */; };
		19878544249EE31100162778 /* AchievementCategory.swift in Sources */ = {isa = PBXBuildFile; fileRef = 198784CC249EE31000162778 /* AchievementCategory.swift */; };
		19878545249EE31100162778 /* DailyAchievement.swift in Sources */ = {isa = PBXBuildFile; fileRef = 198784CD249EE31000162778 /* DailyAchievement.swift */; };
		19878546249EE31100162778 /* Achievement.swift in Sources */ = {isa = PBXBuildFile; fileRef = 198784CE249EE31000162778 /* Achievement.swift */; };
		19878547249EE31100162778 /* AchievementGroup.swift in Sources */ = {isa = PBXBuildFile; fileRef = 198784CF249EE31000162778 /* AchievementGroup.swift */; };
		19878548249EE31100162778 /* CommercePrice.swift in Sources */ = {isa = PBXBuildFile; fileRef = 198784D1249EE31000162778 /* CommercePrice.swift */; };
		19878549249EE31100162778 /* CommerceDelivery.swift in Sources */ = {isa = PBXBuildFile; fileRef = 198784D2249EE31000162778 /* CommerceDelivery.swift */; };
		1987854A249EE31100162778 /* CommerceListing.swift in Sources */ = {isa = PBXBuildFile; fileRef = 198784D3249EE31000162778 /* CommerceListing.swift */; };
		1987854B249EE31100162778 /* CommerceExchange.swift in Sources */ = {isa = PBXBuildFile; fileRef = 198784D4249EE31000162778 /* CommerceExchange.swift */; };
		1987854C249EE31100162778 /* AccountPVPStats.swift in Sources */ = {isa = PBXBuildFile; fileRef = 198784D6249EE31000162778 /* AccountPVPStats.swift */; };
		1987854D249EE31100162778 /* AccountMasteryPoints.swift in Sources */ = {isa = PBXBuildFile; fileRef = 198784D7249EE31000162778 /* AccountMasteryPoints.swift */; };
		1987854E249EE31100162778 /* AccountPVPGame.swift in Sources */ = {isa = PBXBuildFile; fileRef = 198784D8249EE31000162778 /* AccountPVPGame.swift */; };
		1987854F249EE31100162778 /* AccountInventoryItem.swift in Sources */ = {isa = PBXBuildFile; fileRef = 198784D9249EE31000162778 /* AccountInventoryItem.swift */; };
		19878550249EE31100162778 /* AccountCharacter.swift in Sources */ = {isa = PBXBuildFile; fileRef = 198784DA249EE31000162778 /* AccountCharacter.swift */; };
		19878551249EE31100162778 /* AccountTransaction.swift in Sources */ = {isa = PBXBuildFile; fileRef = 198784DB249EE31000162778 /* AccountTransaction.swift */; };
		19878552249EE31100162778 /* AccountAchievement.swift in Sources */ = {isa = PBXBuildFile; fileRef = 198784DC249EE31000162778 /* AccountAchievement.swift */; };
		19878553249EE31100162778 /* AccountWalletItem.swift in Sources */ = {isa = PBXBuildFile; fileRef = 198784DD249EE31000162778 /* AccountWalletItem.swift */; };
		19878554249EE31100162778 /* AccountPVPStandings.swift in Sources */ = {isa = PBXBuildFile; fileRef = 198784DE249EE31000162778 /* AccountPVPStandings.swift */; };
		19878555249EE31100162778 /* AccountToken.swift in Sources */ = {isa = PBXBuildFile; fileRef = 198784DF249EE31000162778 /* AccountToken.swift */; };
		19878556249EE31100162778 /* AccountBankItem.swift in Sources */ = {isa = PBXBuildFile; fileRef = 198784E0249EE31000162778 /* AccountBankItem.swift */; };
		19878557249EE31100162778 /* AccountCat.swift in Sources */ = {isa = PBXBuildFile; fileRef = 198784E1249EE31000162778 /* AccountCat.swift */; };
		19878558249EE31100162778 /* Account.swift in Sources */ = {isa = PBXBuildFile; fileRef = 198784E2249EE31000162778 /* Account.swift */; };
		19878559249EE31100162778 /* AccountFinisher.swift in Sources */ = {isa = PBXBuildFile; fileRef = 198784E3249EE31000162778 /* AccountFinisher.swift */; };
		1987855A249EE31100162778 /* AccountMaterial.swift in Sources */ = {isa = PBXBuildFile; fileRef = 198784E4249EE31000162778 /* AccountMaterial.swift */; };
		1987855B249EE31100162778 /* AccountMastery.swift in Sources */ = {isa = PBXBuildFile; fileRef = 198784E5249EE31000162778 /* AccountMastery.swift */; };
		1987855C249EE31100162778 /* PVPSeasonLeaderboard.swift in Sources */ = {isa = PBXBuildFile; fileRef = 198784E7249EE31000162778 /* PVPSeasonLeaderboard.swift */; };
		1987855D249EE31100162778 /* PVPSeason.swift in Sources */ = {isa = PBXBuildFile; fileRef = 198784E8249EE31000162778 /* PVPSeason.swift */; };
		1987855E249EE31100162778 /* PVPRank.swift in Sources */ = {isa = PBXBuildFile; fileRef = 198784E9249EE31000162778 /* PVPRank.swift */; };
		1987855F249EE31100162778 /* DetailedMap.swift in Sources */ = {isa = PBXBuildFile; fileRef = 198784EB249EE31000162778 /* DetailedMap.swift */; };
		19878560249EE31100162778 /* Continent.swift in Sources */ = {isa = PBXBuildFile; fileRef = 198784EC249EE31000162778 /* Continent.swift */; };
		19878561249EE31100162778 /* Region.swift in Sources */ = {isa = PBXBuildFile; fileRef = 198784ED249EE31000162778 /* Region.swift */; };
		19878562249EE31100162778 /* Sector.swift in Sources */ = {isa = PBXBuildFile; fileRef = 198784EE249EE31000162778 /* Sector.swift */; };
		19878563249EE31100162778 /* POI.swift in Sources */ = {isa = PBXBuildFile; fileRef = 198784EF249EE31000162778 /* POI.swift */; };
		19878564249EE31100162778 /* Map.swift in Sources */ = {isa = PBXBuildFile; fileRef = 198784F0249EE31000162778 /* Map.swift */; };
		19878565249EE31100162778 /* Task.swift in Sources */ = {isa = PBXBuildFile; fileRef = 198784F1249EE31000162778 /* Task.swift */; };
		19878566249EE31100162778 /* Floor.swift in Sources */ = {isa = PBXBuildFile; fileRef = 198784F2249EE31000162778 /* Floor.swift */; };
		19878567249EE31100162778 /* Specialization.swift in Sources */ = {isa = PBXBuildFile; fileRef = 198784F4249EE31000162778 /* Specialization.swift */; };
		19878568249EE31100162778 /* Race.swift in Sources */ = {isa = PBXBuildFile; fileRef = 198784F5249EE31000162778 /* Race.swift */; };
		19878569249EE31100162778 /* Legend.swift in Sources */ = {isa = PBXBuildFile; fileRef = 198784F6249EE31000162778 /* Legend.swift */; };
		1987856A249EE31100162778 /* Trait.swift in Sources */ = {isa = PBXBuildFile; fileRef = 198784F7249EE31000162778 /* Trait.swift */; };
		1987856B249EE31100162778 /* Profession.swift in Sources */ = {isa = PBXBuildFile; fileRef = 198784F8249EE31000162778 /* Profession.swift */; };
		1987856C249EE31100162778 /* Outfit.swift in Sources */ = {isa = PBXBuildFile; fileRef = 198784F9249EE31000162778 /* Outfit.swift */; };
		1987856D249EE31100162778 /* Mastery.swift in Sources */ = {isa = PBXBuildFile; fileRef = 198784FA249EE31000162778 /* Mastery.swift */; };
		1987856E249EE31100162778 /* Pet.swift in Sources */ = {isa = PBXBuildFile; fileRef = 198784FB249EE31000162778 /* Pet.swift */; };
		1987856F249EE31100162778 /* Skill.swift in Sources */ = {isa = PBXBuildFile; fileRef = 198784FC249EE31000162778 /* Skill.swift */; };
		19878570249EE31100162778 /* Recipe.swift in Sources */ = {isa = PBXBuildFile; fileRef = 198784FE249EE31000162778 /* Recipe.swift */; };
		19878571249EE31100162778 /* Item.swift in Sources */ = {isa = PBXBuildFile; fileRef = 198784FF249EE31000162778 /* Item.swift */; };
		19878572249EE31100162778 /* PVPAmulet.swift in Sources */ = {isa = PBXBuildFile; fileRef = 19878500249EE31000162778 /* PVPAmulet.swift */; };
		19878573249EE31100162778 /* ItemStats.swift in Sources */ = {isa = PBXBuildFile; fileRef = 19878501249EE31000162778 /* ItemStats.swift */; };
		19878574249EE31100162778 /* Skin.swift in Sources */ = {isa = PBXBuildFile; fileRef = 19878502249EE31000162778 /* Skin.swift */; };
		19878575249EE31100162778 /* Finisher.swift in Sources */ = {isa = PBXBuildFile; fileRef = 19878503249EE31000162778 /* Finisher.swift */; };
		19878576249EE31100162778 /* Material.swift in Sources */ = {isa = PBXBuildFile; fileRef = 19878504249EE31000162778 /* Material.swift */; };
		19878577249EE31100162778 /* BackstoryQuestion.swift in Sources */ = {isa = PBXBuildFile; fileRef = 19878506249EE31000162778 /* BackstoryQuestion.swift */; };
		19878578249EE31100162778 /* StorySeason.swift in Sources */ = {isa = PBXBuildFile; fileRef = 19878507249EE31000162778 /* StorySeason.swift */; };
		19878579249EE31100162778 /* BackstoryAnswer.swift in Sources */ = {isa = PBXBuildFile; fileRef = 19878508249EE31000162778 /* BackstoryAnswer.swift */; };
		1987857A249EE31100162778 /* Story.swift in Sources */ = {isa = PBXBuildFile; fileRef = 19878509249EE31000162778 /* Story.swift */; };
		1987857B249EE31100162778 /* WVWAbility.swift in Sources */ = {isa = PBXBuildFile; fileRef = 1987850B249EE31100162778 /* WVWAbility.swift */; };
		1987857C249EE31100162778 /* WVWMatchScore.swift in Sources */ = {isa = PBXBuildFile; fileRef = 1987850C249EE31100162778 /* WVWMatchScore.swift */; };
		1987857D249EE31100162778 /* WVWMatch.swift in Sources */ = {isa = PBXBuildFile; fileRef = 1987850D249EE31100162778 /* WVWMatch.swift */; };
		1987857E249EE31100162778 /* WVWMatchStats.swift in Sources */ = {isa = PBXBuildFile; fileRef = 1987850E249EE31100162778 /* WVWMatchStats.swift */; };
		1987857F249EE31100162778 /* WVWUpgrade.swift in Sources */ = {isa = PBXBuildFile; fileRef = 1987850F249EE31100162778 /* WVWUpgrade.swift */; };
		19878580249EE31100162778 /* WVWObjective.swift in Sources */ = {isa = PBXBuildFile; fileRef = 19878510249EE31100162778 /* WVWObjective.swift */; };
		19878581249EE31100162778 /* WVWRank.swift in Sources */ = {isa = PBXBuildFile; fileRef = 19878511249EE31100162778 /* WVWRank.swift */; };
		19878582249EE31100162778 /* WVWMatchOverview.swift in Sources */ = {isa = PBXBuildFile; fileRef = 19878512249EE31100162778 /* WVWMatchOverview.swift */; };
		19878583249EE31100162778 /* GuildDetails.swift in Sources */ = {isa = PBXBuildFile; fileRef = 19878514249EE31100162778 /* GuildDetails.swift */; };
		19878584249EE31100162778 /* GuildEmblem.swift in Sources */ = {isa = PBXBuildFile; fileRef = 19878515249EE31100162778 /* GuildEmblem.swift */; };
		19878585249EE31100162778 /* GuildStash.swift in Sources */ = {isa = PBXBuildFile; fileRef = 19878516249EE31100162778 /* GuildStash.swift */; };
		19878586249EE31100162778 /* Permissions.swift in Sources */ = {isa = PBXBuildFile; fileRef = 19878517249EE31100162778 /* Permissions.swift */; };
		19878587249EE31100162778 /* GuildLog.swift in Sources */ = {isa = PBXBuildFile; fileRef = 19878518249EE31100162778 /* GuildLog.swift */; };
		19878588249EE31100162778 /* GuildMember.swift in Sources */ = {isa = PBXBuildFile; fileRef = 19878519249EE31100162778 /* GuildMember.swift */; };
		19878589249EE31100162778 /* GuildUpgrade.swift in Sources */ = {isa = PBXBuildFile; fileRef = 1987851A249EE31100162778 /* GuildUpgrade.swift */; };
		1987858A249EE31100162778 /* GuildRank.swift in Sources */ = {isa = PBXBuildFile; fileRef = 1987851B249EE31100162778 /* GuildRank.swift */; };
		1987858B249EE31100162778 /* GuildTreasury.swift in Sources */ = {isa = PBXBuildFile; fileRef = 1987851C249EE31100162778 /* GuildTreasury.swift */; };
		1987858C249EE31100162778 /* GuildTeam.swift in Sources */ = {isa = PBXBuildFile; fileRef = 1987851D249EE31100162778 /* GuildTeam.swift */; };
		1987858D249EE31100162778 /* GW2Client.swift in Sources */ = {isa = PBXBuildFile; fileRef = 1987851E249EE31100162778 /* GW2Client.swift */; };
		1987859D249EE32F00162778 /* GameMechanicsTests.swift in Sources */ = {isa = PBXBuildFile; fileRef = 1987858F249EE32F00162778 /* GameMechanicsTests.swift */; };
		1987859E249EE32F00162778 /* WVWTests.swift in Sources */ = {isa = PBXBuildFile; fileRef = 19878590249EE32F00162778 /* WVWTests.swift */; };
		1987859F249EE32F00162778 /* PVPTests.swift in Sources */ = {isa = PBXBuildFile; fileRef = 19878591249EE32F00162778 /* PVPTests.swift */; };
		198785A0249EE32F00162778 /* ItemsTests.swift in Sources */ = {isa = PBXBuildFile; fileRef = 19878592249EE32F00162778 /* ItemsTests.swift */; };
		198785A1249EE32F00162778 /* TradingPostTests.swift in Sources */ = {isa = PBXBuildFile; fileRef = 19878593249EE32F00162778 /* TradingPostTests.swift */; };
		198785A2249EE32F00162778 /* MiscTests.swift in Sources */ = {isa = PBXBuildFile; fileRef = 19878594249EE32F00162778 /* MiscTests.swift */; };
		198785A3249EE32F00162778 /* StoryTests.swift in Sources */ = {isa = PBXBuildFile; fileRef = 19878595249EE32F00162778 /* StoryTests.swift */; };
		198785A4249EE32F00162778 /* GuildAuthenticatedTests.swift in Sources */ = {isa = PBXBuildFile; fileRef = 19878596249EE32F00162778 /* GuildAuthenticatedTests.swift */; };
		198785A5249EE32F00162778 /* GW2APITestVariables.swift in Sources */ = {isa = PBXBuildFile; fileRef = 19878597249EE32F00162778 /* GW2APITestVariables.swift */; };
		198785A6249EE32F00162778 /* AuthenticatedTests.swift in Sources */ = {isa = PBXBuildFile; fileRef = 19878598249EE32F00162778 /* AuthenticatedTests.swift */; };
		198785A7249EE32F00162778 /* MapInfoTests.swift in Sources */ = {isa = PBXBuildFile; fileRef = 19878599249EE32F00162778 /* MapInfoTests.swift */; };
		198785A8249EE32F00162778 /* AchievementsTests.swift in Sources */ = {isa = PBXBuildFile; fileRef = 1987859A249EE32F00162778 /* AchievementsTests.swift */; };
		198785AA249EE32F00162778 /* GuildTests.swift in Sources */ = {isa = PBXBuildFile; fileRef = 1987859C249EE32F00162778 /* GuildTests.swift */; };
		198785AD249EE37C00162778 /* APIClient in Frameworks */ = {isa = PBXBuildFile; productRef = 198785AC249EE37C00162778 /* APIClient */; };
		198785AF24A0505100162778 /* AccountRequests.swift in Sources */ = {isa = PBXBuildFile; fileRef = 198785AE24A0505100162778 /* AccountRequests.swift */; };
		198785B324A050E000162778 /* CharacterRequests.swift in Sources */ = {isa = PBXBuildFile; fileRef = 198785B224A050E000162778 /* CharacterRequests.swift */; };
		198785D324A05E3E00162778 /* GW2ClientVersion.swift in Sources */ = {isa = PBXBuildFile; fileRef = 198785D224A05E3E00162778 /* GW2ClientVersion.swift */; };
		198785E024A07B7D00162778 /* test_data.json in Resources */ = {isa = PBXBuildFile; fileRef = 198785DF24A07B7D00162778 /* test_data.json */; };
/* End PBXBuildFile section */

/* Begin PBXContainerItemProxy section */
		19878491249EE2CF00162778 /* PBXContainerItemProxy */ = {
			isa = PBXContainerItemProxy;
			containerPortal = 1987847D249EE2CF00162778 /* Project object */;
			proxyType = 1;
			remoteGlobalIDString = 19878485249EE2CF00162778;
			remoteInfo = GW2API;
		};
/* End PBXContainerItemProxy section */

/* Begin PBXFileReference section */
		19878486249EE2CF00162778 /* GW2API.framework */ = {isa = PBXFileReference; explicitFileType = wrapper.framework; includeInIndex = 0; path = GW2API.framework; sourceTree = BUILT_PRODUCTS_DIR; };
		19878489249EE2CF00162778 /* GW2API.h */ = {isa = PBXFileReference; lastKnownFileType = sourcecode.c.h; path = GW2API.h; sourceTree = "<group>"; };
		1987848A249EE2CF00162778 /* Info.plist */ = {isa = PBXFileReference; lastKnownFileType = text.plist.xml; path = Info.plist; sourceTree = "<group>"; };
		1987848F249EE2CF00162778 /* GW2APITests.xctest */ = {isa = PBXFileReference; explicitFileType = wrapper.cfbundle; includeInIndex = 0; path = GW2APITests.xctest; sourceTree = BUILT_PRODUCTS_DIR; };
		19878496249EE2CF00162778 /* Info.plist */ = {isa = PBXFileReference; lastKnownFileType = text.plist.xml; path = Info.plist; sourceTree = "<group>"; };
		198784A1249EE31000162778 /* String+regex.swift */ = {isa = PBXFileReference; fileEncoding = 4; lastKnownFileType = sourcecode.swift; path = "String+regex.swift"; sourceTree = "<group>"; };
		198784A3249EE31000162778 /* ItemsClient.swift */ = {isa = PBXFileReference; fileEncoding = 4; lastKnownFileType = sourcecode.swift; path = ItemsClient.swift; sourceTree = "<group>"; };
		198784A4249EE31000162778 /* StoryClient.swift */ = {isa = PBXFileReference; fileEncoding = 4; lastKnownFileType = sourcecode.swift; path = StoryClient.swift; sourceTree = "<group>"; };
		198784A5249EE31000162778 /* AuthenticatedClient.swift */ = {isa = PBXFileReference; fileEncoding = 4; lastKnownFileType = sourcecode.swift; path = AuthenticatedClient.swift; sourceTree = "<group>"; };
		198784A6249EE31000162778 /* PVPClient.swift */ = {isa = PBXFileReference; fileEncoding = 4; lastKnownFileType = sourcecode.swift; path = PVPClient.swift; sourceTree = "<group>"; };
		198784A7249EE31000162778 /* GuildClient.swift */ = {isa = PBXFileReference; fileEncoding = 4; lastKnownFileType = sourcecode.swift; path = GuildClient.swift; sourceTree = "<group>"; };
		198784A8249EE31000162778 /* GW2APIClient.swift */ = {isa = PBXFileReference; fileEncoding = 4; lastKnownFileType = sourcecode.swift; path = GW2APIClient.swift; sourceTree = "<group>"; };
		198784A9249EE31000162778 /* MapInfoClient.swift */ = {isa = PBXFileReference; fileEncoding = 4; lastKnownFileType = sourcecode.swift; path = MapInfoClient.swift; sourceTree = "<group>"; };
		198784AA249EE31000162778 /* MiscClient.swift */ = {isa = PBXFileReference; fileEncoding = 4; lastKnownFileType = sourcecode.swift; path = MiscClient.swift; sourceTree = "<group>"; };
		198784AB249EE31000162778 /* AchievementsClient.swift */ = {isa = PBXFileReference; fileEncoding = 4; lastKnownFileType = sourcecode.swift; path = AchievementsClient.swift; sourceTree = "<group>"; };
		198784AC249EE31000162778 /* GameMechanicsClient.swift */ = {isa = PBXFileReference; fileEncoding = 4; lastKnownFileType = sourcecode.swift; path = GameMechanicsClient.swift; sourceTree = "<group>"; };
		198784AD249EE31000162778 /* TradingPostClient.swift */ = {isa = PBXFileReference; fileEncoding = 4; lastKnownFileType = sourcecode.swift; path = TradingPostClient.swift; sourceTree = "<group>"; };
		198784AE249EE31000162778 /* WVWClient.swift */ = {isa = PBXFileReference; fileEncoding = 4; lastKnownFileType = sourcecode.swift; path = WVWClient.swift; sourceTree = "<group>"; };
		198784B0249EE31000162778 /* GW2ClientLanguage.swift */ = {isa = PBXFileReference; fileEncoding = 4; lastKnownFileType = sourcecode.swift; path = GW2ClientLanguage.swift; sourceTree = "<group>"; };
		198784B1249EE31000162778 /* APIUtil.swift */ = {isa = PBXFileReference; fileEncoding = 4; lastKnownFileType = sourcecode.swift; path = APIUtil.swift; sourceTree = "<group>"; };
		198784B3249EE31000162778 /* StoryRequests.swift */ = {isa = PBXFileReference; fileEncoding = 4; lastKnownFileType = sourcecode.swift; path = StoryRequests.swift; sourceTree = "<group>"; };
		198784B4249EE31000162778 /* TradingPostRequests.swift */ = {isa = PBXFileReference; fileEncoding = 4; lastKnownFileType = sourcecode.swift; path = TradingPostRequests.swift; sourceTree = "<group>"; };
		198784B5249EE31000162778 /* WVWRequests.swift */ = {isa = PBXFileReference; fileEncoding = 4; lastKnownFileType = sourcecode.swift; path = WVWRequests.swift; sourceTree = "<group>"; };
		198784B6249EE31000162778 /* ItemsRequests.swift */ = {isa = PBXFileReference; fileEncoding = 4; lastKnownFileType = sourcecode.swift; path = ItemsRequests.swift; sourceTree = "<group>"; };
		198784B7249EE31000162778 /* MiscRequests.swift */ = {isa = PBXFileReference; fileEncoding = 4; lastKnownFileType = sourcecode.swift; path = MiscRequests.swift; sourceTree = "<group>"; };
		198784B8249EE31000162778 /* GuildRequests.swift */ = {isa = PBXFileReference; fileEncoding = 4; lastKnownFileType = sourcecode.swift; path = GuildRequests.swift; sourceTree = "<group>"; };
		198784B9249EE31000162778 /* MapInfoRequests.swift */ = {isa = PBXFileReference; fileEncoding = 4; lastKnownFileType = sourcecode.swift; path = MapInfoRequests.swift; sourceTree = "<group>"; };
		198784BA249EE31000162778 /* PVPRequests.swift */ = {isa = PBXFileReference; fileEncoding = 4; lastKnownFileType = sourcecode.swift; path = PVPRequests.swift; sourceTree = "<group>"; };
		198784BC249EE31000162778 /* GameMechanicsRequests.swift */ = {isa = PBXFileReference; fileEncoding = 4; lastKnownFileType = sourcecode.swift; path = GameMechanicsRequests.swift; sourceTree = "<group>"; };
		198784BD249EE31000162778 /* AchievementsRequests.swift */ = {isa = PBXFileReference; fileEncoding = 4; lastKnownFileType = sourcecode.swift; path = AchievementsRequests.swift; sourceTree = "<group>"; };
		198784C0249EE31000162778 /* Raid.swift */ = {isa = PBXFileReference; fileEncoding = 4; lastKnownFileType = sourcecode.swift; path = Raid.swift; sourceTree = "<group>"; };
		198784C1249EE31000162778 /* Dungeon.swift */ = {isa = PBXFileReference; fileEncoding = 4; lastKnownFileType = sourcecode.swift; path = Dungeon.swift; sourceTree = "<group>"; };
		198784C2249EE31000162778 /* Currency.swift */ = {isa = PBXFileReference; fileEncoding = 4; lastKnownFileType = sourcecode.swift; path = Currency.swift; sourceTree = "<group>"; };
		198784C3249EE31000162778 /* Mount.swift */ = {isa = PBXFileReference; fileEncoding = 4; lastKnownFileType = sourcecode.swift; path = Mount.swift; sourceTree = "<group>"; };
		198784C4249EE31000162778 /* Title.swift */ = {isa = PBXFileReference; fileEncoding = 4; lastKnownFileType = sourcecode.swift; path = Title.swift; sourceTree = "<group>"; };
		198784C5249EE31000162778 /* File.swift */ = {isa = PBXFileReference; fileEncoding = 4; lastKnownFileType = sourcecode.swift; path = File.swift; sourceTree = "<group>"; };
		198784C6249EE31000162778 /* Build.swift */ = {isa = PBXFileReference; fileEncoding = 4; lastKnownFileType = sourcecode.swift; path = Build.swift; sourceTree = "<group>"; };
		198784C7249EE31000162778 /* World.swift */ = {isa = PBXFileReference; fileEncoding = 4; lastKnownFileType = sourcecode.swift; path = World.swift; sourceTree = "<group>"; };
		198784C8249EE31000162778 /* Minipet.swift */ = {isa = PBXFileReference; fileEncoding = 4; lastKnownFileType = sourcecode.swift; path = Minipet.swift; sourceTree = "<group>"; };
		198784C9249EE31000162778 /* Quaggan.swift */ = {isa = PBXFileReference; fileEncoding = 4; lastKnownFileType = sourcecode.swift; path = Quaggan.swift; sourceTree = "<group>"; };
		198784CA249EE31000162778 /* Color.swift */ = {isa = PBXFileReference; fileEncoding = 4; lastKnownFileType = sourcecode.swift; path = Color.swift; sourceTree = "<group>"; };
		198784CC249EE31000162778 /* AchievementCategory.swift */ = {isa = PBXFileReference; fileEncoding = 4; lastKnownFileType = sourcecode.swift; path = AchievementCategory.swift; sourceTree = "<group>"; };
		198784CD249EE31000162778 /* DailyAchievement.swift */ = {isa = PBXFileReference; fileEncoding = 4; lastKnownFileType = sourcecode.swift; path = DailyAchievement.swift; sourceTree = "<group>"; };
		198784CE249EE31000162778 /* Achievement.swift */ = {isa = PBXFileReference; fileEncoding = 4; lastKnownFileType = sourcecode.swift; path = Achievement.swift; sourceTree = "<group>"; };
		198784CF249EE31000162778 /* AchievementGroup.swift */ = {isa = PBXFileReference; fileEncoding = 4; lastKnownFileType = sourcecode.swift; path = AchievementGroup.swift; sourceTree = "<group>"; };
		198784D1249EE31000162778 /* CommercePrice.swift */ = {isa = PBXFileReference; fileEncoding = 4; lastKnownFileType = sourcecode.swift; path = CommercePrice.swift; sourceTree = "<group>"; };
		198784D2249EE31000162778 /* CommerceDelivery.swift */ = {isa = PBXFileReference; fileEncoding = 4; lastKnownFileType = sourcecode.swift; path = CommerceDelivery.swift; sourceTree = "<group>"; };
		198784D3249EE31000162778 /* CommerceListing.swift */ = {isa = PBXFileReference; fileEncoding = 4; lastKnownFileType = sourcecode.swift; path = CommerceListing.swift; sourceTree = "<group>"; };
		198784D4249EE31000162778 /* CommerceExchange.swift */ = {isa = PBXFileReference; fileEncoding = 4; lastKnownFileType = sourcecode.swift; path = CommerceExchange.swift; sourceTree = "<group>"; };
		198784D6249EE31000162778 /* AccountPVPStats.swift */ = {isa = PBXFileReference; fileEncoding = 4; lastKnownFileType = sourcecode.swift; path = AccountPVPStats.swift; sourceTree = "<group>"; };
		198784D7249EE31000162778 /* AccountMasteryPoints.swift */ = {isa = PBXFileReference; fileEncoding = 4; lastKnownFileType = sourcecode.swift; path = AccountMasteryPoints.swift; sourceTree = "<group>"; };
		198784D8249EE31000162778 /* AccountPVPGame.swift */ = {isa = PBXFileReference; fileEncoding = 4; lastKnownFileType = sourcecode.swift; path = AccountPVPGame.swift; sourceTree = "<group>"; };
		198784D9249EE31000162778 /* AccountInventoryItem.swift */ = {isa = PBXFileReference; fileEncoding = 4; lastKnownFileType = sourcecode.swift; path = AccountInventoryItem.swift; sourceTree = "<group>"; };
		198784DA249EE31000162778 /* AccountCharacter.swift */ = {isa = PBXFileReference; fileEncoding = 4; lastKnownFileType = sourcecode.swift; path = AccountCharacter.swift; sourceTree = "<group>"; };
		198784DB249EE31000162778 /* AccountTransaction.swift */ = {isa = PBXFileReference; fileEncoding = 4; lastKnownFileType = sourcecode.swift; path = AccountTransaction.swift; sourceTree = "<group>"; };
		198784DC249EE31000162778 /* AccountAchievement.swift */ = {isa = PBXFileReference; fileEncoding = 4; lastKnownFileType = sourcecode.swift; path = AccountAchievement.swift; sourceTree = "<group>"; };
		198784DD249EE31000162778 /* AccountWalletItem.swift */ = {isa = PBXFileReference; fileEncoding = 4; lastKnownFileType = sourcecode.swift; path = AccountWalletItem.swift; sourceTree = "<group>"; };
		198784DE249EE31000162778 /* AccountPVPStandings.swift */ = {isa = PBXFileReference; fileEncoding = 4; lastKnownFileType = sourcecode.swift; path = AccountPVPStandings.swift; sourceTree = "<group>"; };
		198784DF249EE31000162778 /* AccountToken.swift */ = {isa = PBXFileReference; fileEncoding = 4; lastKnownFileType = sourcecode.swift; path = AccountToken.swift; sourceTree = "<group>"; };
		198784E0249EE31000162778 /* AccountBankItem.swift */ = {isa = PBXFileReference; fileEncoding = 4; lastKnownFileType = sourcecode.swift; path = AccountBankItem.swift; sourceTree = "<group>"; };
		198784E1249EE31000162778 /* AccountCat.swift */ = {isa = PBXFileReference; fileEncoding = 4; lastKnownFileType = sourcecode.swift; path = AccountCat.swift; sourceTree = "<group>"; };
		198784E2249EE31000162778 /* Account.swift */ = {isa = PBXFileReference; fileEncoding = 4; lastKnownFileType = sourcecode.swift; path = Account.swift; sourceTree = "<group>"; };
		198784E3249EE31000162778 /* AccountFinisher.swift */ = {isa = PBXFileReference; fileEncoding = 4; lastKnownFileType = sourcecode.swift; path = AccountFinisher.swift; sourceTree = "<group>"; };
		198784E4249EE31000162778 /* AccountMaterial.swift */ = {isa = PBXFileReference; fileEncoding = 4; lastKnownFileType = sourcecode.swift; path = AccountMaterial.swift; sourceTree = "<group>"; };
		198784E5249EE31000162778 /* AccountMastery.swift */ = {isa = PBXFileReference; fileEncoding = 4; lastKnownFileType = sourcecode.swift; path = AccountMastery.swift; sourceTree = "<group>"; };
		198784E7249EE31000162778 /* PVPSeasonLeaderboard.swift */ = {isa = PBXFileReference; fileEncoding = 4; lastKnownFileType = sourcecode.swift; path = PVPSeasonLeaderboard.swift; sourceTree = "<group>"; };
		198784E8249EE31000162778 /* PVPSeason.swift */ = {isa = PBXFileReference; fileEncoding = 4; lastKnownFileType = sourcecode.swift; path = PVPSeason.swift; sourceTree = "<group>"; };
		198784E9249EE31000162778 /* PVPRank.swift */ = {isa = PBXFileReference; fileEncoding = 4; lastKnownFileType = sourcecode.swift; path = PVPRank.swift; sourceTree = "<group>"; };
		198784EB249EE31000162778 /* DetailedMap.swift */ = {isa = PBXFileReference; fileEncoding = 4; lastKnownFileType = sourcecode.swift; path = DetailedMap.swift; sourceTree = "<group>"; };
		198784EC249EE31000162778 /* Continent.swift */ = {isa = PBXFileReference; fileEncoding = 4; lastKnownFileType = sourcecode.swift; path = Continent.swift; sourceTree = "<group>"; };
		198784ED249EE31000162778 /* Region.swift */ = {isa = PBXFileReference; fileEncoding = 4; lastKnownFileType = sourcecode.swift; path = Region.swift; sourceTree = "<group>"; };
		198784EE249EE31000162778 /* Sector.swift */ = {isa = PBXFileReference; fileEncoding = 4; lastKnownFileType = sourcecode.swift; path = Sector.swift; sourceTree = "<group>"; };
		198784EF249EE31000162778 /* POI.swift */ = {isa = PBXFileReference; fileEncoding = 4; lastKnownFileType = sourcecode.swift; path = POI.swift; sourceTree = "<group>"; };
		198784F0249EE31000162778 /* Map.swift */ = {isa = PBXFileReference; fileEncoding = 4; lastKnownFileType = sourcecode.swift; path = Map.swift; sourceTree = "<group>"; };
		198784F1249EE31000162778 /* Task.swift */ = {isa = PBXFileReference; fileEncoding = 4; lastKnownFileType = sourcecode.swift; path = Task.swift; sourceTree = "<group>"; };
		198784F2249EE31000162778 /* Floor.swift */ = {isa = PBXFileReference; fileEncoding = 4; lastKnownFileType = sourcecode.swift; path = Floor.swift; sourceTree = "<group>"; };
		198784F4249EE31000162778 /* Specialization.swift */ = {isa = PBXFileReference; fileEncoding = 4; lastKnownFileType = sourcecode.swift; path = Specialization.swift; sourceTree = "<group>"; };
		198784F5249EE31000162778 /* Race.swift */ = {isa = PBXFileReference; fileEncoding = 4; lastKnownFileType = sourcecode.swift; path = Race.swift; sourceTree = "<group>"; };
		198784F6249EE31000162778 /* Legend.swift */ = {isa = PBXFileReference; fileEncoding = 4; lastKnownFileType = sourcecode.swift; path = Legend.swift; sourceTree = "<group>"; };
		198784F7249EE31000162778 /* Trait.swift */ = {isa = PBXFileReference; fileEncoding = 4; lastKnownFileType = sourcecode.swift; path = Trait.swift; sourceTree = "<group>"; };
		198784F8249EE31000162778 /* Profession.swift */ = {isa = PBXFileReference; fileEncoding = 4; lastKnownFileType = sourcecode.swift; path = Profession.swift; sourceTree = "<group>"; };
		198784F9249EE31000162778 /* Outfit.swift */ = {isa = PBXFileReference; fileEncoding = 4; lastKnownFileType = sourcecode.swift; path = Outfit.swift; sourceTree = "<group>"; };
		198784FA249EE31000162778 /* Mastery.swift */ = {isa = PBXFileReference; fileEncoding = 4; lastKnownFileType = sourcecode.swift; path = Mastery.swift; sourceTree = "<group>"; };
		198784FB249EE31000162778 /* Pet.swift */ = {isa = PBXFileReference; fileEncoding = 4; lastKnownFileType = sourcecode.swift; path = Pet.swift; sourceTree = "<group>"; };
		198784FC249EE31000162778 /* Skill.swift */ = {isa = PBXFileReference; fileEncoding = 4; lastKnownFileType = sourcecode.swift; path = Skill.swift; sourceTree = "<group>"; };
		198784FE249EE31000162778 /* Recipe.swift */ = {isa = PBXFileReference; fileEncoding = 4; lastKnownFileType = sourcecode.swift; path = Recipe.swift; sourceTree = "<group>"; };
		198784FF249EE31000162778 /* Item.swift */ = {isa = PBXFileReference; fileEncoding = 4; lastKnownFileType = sourcecode.swift; path = Item.swift; sourceTree = "<group>"; };
		19878500249EE31000162778 /* PVPAmulet.swift */ = {isa = PBXFileReference; fileEncoding = 4; lastKnownFileType = sourcecode.swift; path = PVPAmulet.swift; sourceTree = "<group>"; };
		19878501249EE31000162778 /* ItemStats.swift */ = {isa = PBXFileReference; fileEncoding = 4; lastKnownFileType = sourcecode.swift; path = ItemStats.swift; sourceTree = "<group>"; };
		19878502249EE31000162778 /* Skin.swift */ = {isa = PBXFileReference; fileEncoding = 4; lastKnownFileType = sourcecode.swift; path = Skin.swift; sourceTree = "<group>"; };
		19878503249EE31000162778 /* Finisher.swift */ = {isa = PBXFileReference; fileEncoding = 4; lastKnownFileType = sourcecode.swift; path = Finisher.swift; sourceTree = "<group>"; };
		19878504249EE31000162778 /* Material.swift */ = {isa = PBXFileReference; fileEncoding = 4; lastKnownFileType = sourcecode.swift; path = Material.swift; sourceTree = "<group>"; };
		19878506249EE31000162778 /* BackstoryQuestion.swift */ = {isa = PBXFileReference; fileEncoding = 4; lastKnownFileType = sourcecode.swift; path = BackstoryQuestion.swift; sourceTree = "<group>"; };
		19878507249EE31000162778 /* StorySeason.swift */ = {isa = PBXFileReference; fileEncoding = 4; lastKnownFileType = sourcecode.swift; path = StorySeason.swift; sourceTree = "<group>"; };
		19878508249EE31000162778 /* BackstoryAnswer.swift */ = {isa = PBXFileReference; fileEncoding = 4; lastKnownFileType = sourcecode.swift; path = BackstoryAnswer.swift; sourceTree = "<group>"; };
		19878509249EE31000162778 /* Story.swift */ = {isa = PBXFileReference; fileEncoding = 4; lastKnownFileType = sourcecode.swift; path = Story.swift; sourceTree = "<group>"; };
		1987850B249EE31100162778 /* WVWAbility.swift */ = {isa = PBXFileReference; fileEncoding = 4; lastKnownFileType = sourcecode.swift; path = WVWAbility.swift; sourceTree = "<group>"; };
		1987850C249EE31100162778 /* WVWMatchScore.swift */ = {isa = PBXFileReference; fileEncoding = 4; lastKnownFileType = sourcecode.swift; path = WVWMatchScore.swift; sourceTree = "<group>"; };
		1987850D249EE31100162778 /* WVWMatch.swift */ = {isa = PBXFileReference; fileEncoding = 4; lastKnownFileType = sourcecode.swift; path = WVWMatch.swift; sourceTree = "<group>"; };
		1987850E249EE31100162778 /* WVWMatchStats.swift */ = {isa = PBXFileReference; fileEncoding = 4; lastKnownFileType = sourcecode.swift; path = WVWMatchStats.swift; sourceTree = "<group>"; };
		1987850F249EE31100162778 /* WVWUpgrade.swift */ = {isa = PBXFileReference; fileEncoding = 4; lastKnownFileType = sourcecode.swift; path = WVWUpgrade.swift; sourceTree = "<group>"; };
		19878510249EE31100162778 /* WVWObjective.swift */ = {isa = PBXFileReference; fileEncoding = 4; lastKnownFileType = sourcecode.swift; path = WVWObjective.swift; sourceTree = "<group>"; };
		19878511249EE31100162778 /* WVWRank.swift */ = {isa = PBXFileReference; fileEncoding = 4; lastKnownFileType = sourcecode.swift; path = WVWRank.swift; sourceTree = "<group>"; };
		19878512249EE31100162778 /* WVWMatchOverview.swift */ = {isa = PBXFileReference; fileEncoding = 4; lastKnownFileType = sourcecode.swift; path = WVWMatchOverview.swift; sourceTree = "<group>"; };
		19878514249EE31100162778 /* GuildDetails.swift */ = {isa = PBXFileReference; fileEncoding = 4; lastKnownFileType = sourcecode.swift; path = GuildDetails.swift; sourceTree = "<group>"; };
		19878515249EE31100162778 /* GuildEmblem.swift */ = {isa = PBXFileReference; fileEncoding = 4; lastKnownFileType = sourcecode.swift; path = GuildEmblem.swift; sourceTree = "<group>"; };
		19878516249EE31100162778 /* GuildStash.swift */ = {isa = PBXFileReference; fileEncoding = 4; lastKnownFileType = sourcecode.swift; path = GuildStash.swift; sourceTree = "<group>"; };
		19878517249EE31100162778 /* Permissions.swift */ = {isa = PBXFileReference; fileEncoding = 4; lastKnownFileType = sourcecode.swift; path = Permissions.swift; sourceTree = "<group>"; };
		19878518249EE31100162778 /* GuildLog.swift */ = {isa = PBXFileReference; fileEncoding = 4; lastKnownFileType = sourcecode.swift; path = GuildLog.swift; sourceTree = "<group>"; };
		19878519249EE31100162778 /* GuildMember.swift */ = {isa = PBXFileReference; fileEncoding = 4; lastKnownFileType = sourcecode.swift; path = GuildMember.swift; sourceTree = "<group>"; };
		1987851A249EE31100162778 /* GuildUpgrade.swift */ = {isa = PBXFileReference; fileEncoding = 4; lastKnownFileType = sourcecode.swift; path = GuildUpgrade.swift; sourceTree = "<group>"; };
		1987851B249EE31100162778 /* GuildRank.swift */ = {isa = PBXFileReference; fileEncoding = 4; lastKnownFileType = sourcecode.swift; path = GuildRank.swift; sourceTree = "<group>"; };
		1987851C249EE31100162778 /* GuildTreasury.swift */ = {isa = PBXFileReference; fileEncoding = 4; lastKnownFileType = sourcecode.swift; path = GuildTreasury.swift; sourceTree = "<group>"; };
		1987851D249EE31100162778 /* GuildTeam.swift */ = {isa = PBXFileReference; fileEncoding = 4; lastKnownFileType = sourcecode.swift; path = GuildTeam.swift; sourceTree = "<group>"; };
		1987851E249EE31100162778 /* GW2Client.swift */ = {isa = PBXFileReference; fileEncoding = 4; lastKnownFileType = sourcecode.swift; path = GW2Client.swift; sourceTree = "<group>"; };
		1987858F249EE32F00162778 /* GameMechanicsTests.swift */ = {isa = PBXFileReference; fileEncoding = 4; lastKnownFileType = sourcecode.swift; path = GameMechanicsTests.swift; sourceTree = "<group>"; };
		19878590249EE32F00162778 /* WVWTests.swift */ = {isa = PBXFileReference; fileEncoding = 4; lastKnownFileType = sourcecode.swift; path = WVWTests.swift; sourceTree = "<group>"; };
		19878591249EE32F00162778 /* PVPTests.swift */ = {isa = PBXFileReference; fileEncoding = 4; lastKnownFileType = sourcecode.swift; path = PVPTests.swift; sourceTree = "<group>"; };
		19878592249EE32F00162778 /* ItemsTests.swift */ = {isa = PBXFileReference; fileEncoding = 4; lastKnownFileType = sourcecode.swift; path = ItemsTests.swift; sourceTree = "<group>"; };
		19878593249EE32F00162778 /* TradingPostTests.swift */ = {isa = PBXFileReference; fileEncoding = 4; lastKnownFileType = sourcecode.swift; path = TradingPostTests.swift; sourceTree = "<group>"; };
		19878594249EE32F00162778 /* MiscTests.swift */ = {isa = PBXFileReference; fileEncoding = 4; lastKnownFileType = sourcecode.swift; path = MiscTests.swift; sourceTree = "<group>"; };
		19878595249EE32F00162778 /* StoryTests.swift */ = {isa = PBXFileReference; fileEncoding = 4; lastKnownFileType = sourcecode.swift; path = StoryTests.swift; sourceTree = "<group>"; };
		19878596249EE32F00162778 /* GuildAuthenticatedTests.swift */ = {isa = PBXFileReference; fileEncoding = 4; lastKnownFileType = sourcecode.swift; path = GuildAuthenticatedTests.swift; sourceTree = "<group>"; };
		19878597249EE32F00162778 /* GW2APITestVariables.swift */ = {isa = PBXFileReference; fileEncoding = 4; lastKnownFileType = sourcecode.swift; path = GW2APITestVariables.swift; sourceTree = "<group>"; };
		19878598249EE32F00162778 /* AuthenticatedTests.swift */ = {isa = PBXFileReference; fileEncoding = 4; lastKnownFileType = sourcecode.swift; path = AuthenticatedTests.swift; sourceTree = "<group>"; };
		19878599249EE32F00162778 /* MapInfoTests.swift */ = {isa = PBXFileReference; fileEncoding = 4; lastKnownFileType = sourcecode.swift; path = MapInfoTests.swift; sourceTree = "<group>"; };
		1987859A249EE32F00162778 /* AchievementsTests.swift */ = {isa = PBXFileReference; fileEncoding = 4; lastKnownFileType = sourcecode.swift; path = AchievementsTests.swift; sourceTree = "<group>"; };
		1987859C249EE32F00162778 /* GuildTests.swift */ = {isa = PBXFileReference; fileEncoding = 4; lastKnownFileType = sourcecode.swift; path = GuildTests.swift; sourceTree = "<group>"; };
		198785AE24A0505100162778 /* AccountRequests.swift */ = {isa = PBXFileReference; lastKnownFileType = sourcecode.swift; path = AccountRequests.swift; sourceTree = "<group>"; };
		198785B224A050E000162778 /* CharacterRequests.swift */ = {isa = PBXFileReference; lastKnownFileType = sourcecode.swift; path = CharacterRequests.swift; sourceTree = "<group>"; };
		198785D224A05E3E00162778 /* GW2ClientVersion.swift */ = {isa = PBXFileReference; lastKnownFileType = sourcecode.swift; path = GW2ClientVersion.swift; sourceTree = "<group>"; };
		198785DF24A07B7D00162778 /* test_data.json */ = {isa = PBXFileReference; lastKnownFileType = text.json; path = test_data.json; sourceTree = "<group>"; };
/* End PBXFileReference section */

/* Begin PBXFrameworksBuildPhase section */
		19878483249EE2CF00162778 /* Frameworks */ = {
			isa = PBXFrameworksBuildPhase;
			buildActionMask = 2147483647;
			files = (
				198785AD249EE37C00162778 /* APIClient in Frameworks */,
			);
			runOnlyForDeploymentPostprocessing = 0;
		};
		1987848C249EE2CF00162778 /* Frameworks */ = {
			isa = PBXFrameworksBuildPhase;
			buildActionMask = 2147483647;
			files = (
				19878490249EE2CF00162778 /* GW2API.framework in Frameworks */,
			);
			runOnlyForDeploymentPostprocessing = 0;
		};
/* End PBXFrameworksBuildPhase section */

/* Begin PBXGroup section */
		1987847C249EE2CF00162778 = {
			isa = PBXGroup;
			children = (
				19878488249EE2CF00162778 /* Source */,
				19878493249EE2CF00162778 /* Tests */,
				19878487249EE2CF00162778 /* Products */,
			);
			sourceTree = "<group>";
		};
		19878487249EE2CF00162778 /* Products */ = {
			isa = PBXGroup;
			children = (
				19878486249EE2CF00162778 /* GW2API.framework */,
				1987848F249EE2CF00162778 /* GW2APITests.xctest */,
			);
			name = Products;
			sourceTree = "<group>";
		};
		19878488249EE2CF00162778 /* Source */ = {
			isa = PBXGroup;
			children = (
				1987848A249EE2CF00162778 /* Info.plist */,
				19878489249EE2CF00162778 /* GW2API.h */,
				1987851E249EE31100162778 /* GW2Client.swift */,
				198784A2249EE31000162778 /* Clients */,
				198784B2249EE31000162778 /* Requests */,
				198784A0249EE31000162778 /* Extensions */,
				198784BE249EE31000162778 /* JSON Models */,
				198784AF249EE31000162778 /* Util */,
			);
			path = Source;
			sourceTree = "<group>";
		};
		19878493249EE2CF00162778 /* Tests */ = {
			isa = PBXGroup;
			children = (
				198785DF24A07B7D00162778 /* test_data.json */,
				19878597249EE32F00162778 /* GW2APITestVariables.swift */,
				1987859A249EE32F00162778 /* AchievementsTests.swift */,
				19878598249EE32F00162778 /* AuthenticatedTests.swift */,
				1987858F249EE32F00162778 /* GameMechanicsTests.swift */,
				1987859C249EE32F00162778 /* GuildTests.swift */,
				19878596249EE32F00162778 /* GuildAuthenticatedTests.swift */,
				19878592249EE32F00162778 /* ItemsTests.swift */,
				19878599249EE32F00162778 /* MapInfoTests.swift */,
				19878594249EE32F00162778 /* MiscTests.swift */,
				19878591249EE32F00162778 /* PVPTests.swift */,
				19878595249EE32F00162778 /* StoryTests.swift */,
				19878593249EE32F00162778 /* TradingPostTests.swift */,
				19878590249EE32F00162778 /* WVWTests.swift */,
				19878496249EE2CF00162778 /* Info.plist */,
			);
			path = Tests;
			sourceTree = "<group>";
		};
		198784A0249EE31000162778 /* Extensions */ = {
			isa = PBXGroup;
			children = (
				198784A1249EE31000162778 /* String+regex.swift */,
			);
			path = Extensions;
			sourceTree = "<group>";
		};
		198784A2249EE31000162778 /* Clients */ = {
			isa = PBXGroup;
			children = (
				198784A3249EE31000162778 /* ItemsClient.swift */,
				198784A4249EE31000162778 /* StoryClient.swift */,
				198784A5249EE31000162778 /* AuthenticatedClient.swift */,
				198784A6249EE31000162778 /* PVPClient.swift */,
				198784A7249EE31000162778 /* GuildClient.swift */,
				198784A8249EE31000162778 /* GW2APIClient.swift */,
				198784A9249EE31000162778 /* MapInfoClient.swift */,
				198784AA249EE31000162778 /* MiscClient.swift */,
				198784AB249EE31000162778 /* AchievementsClient.swift */,
				198784AC249EE31000162778 /* GameMechanicsClient.swift */,
				198784AD249EE31000162778 /* TradingPostClient.swift */,
				198784AE249EE31000162778 /* WVWClient.swift */,
			);
			path = Clients;
			sourceTree = "<group>";
		};
		198784AF249EE31000162778 /* Util */ = {
			isa = PBXGroup;
			children = (
				198784B0249EE31000162778 /* GW2ClientLanguage.swift */,
				198785D224A05E3E00162778 /* GW2ClientVersion.swift */,
				198784B1249EE31000162778 /* APIUtil.swift */,
			);
			path = Util;
			sourceTree = "<group>";
		};
		198784B2249EE31000162778 /* Requests */ = {
			isa = PBXGroup;
			children = (
				198785AE24A0505100162778 /* AccountRequests.swift */,
				198784BD249EE31000162778 /* AchievementsRequests.swift */,
				198785B224A050E000162778 /* CharacterRequests.swift */,
				198784B8249EE31000162778 /* GuildRequests.swift */,
				198784B6249EE31000162778 /* ItemsRequests.swift */,
				198784B3249EE31000162778 /* StoryRequests.swift */,
				198784B4249EE31000162778 /* TradingPostRequests.swift */,
				198784B5249EE31000162778 /* WVWRequests.swift */,
				198784B7249EE31000162778 /* MiscRequests.swift */,
				198784B9249EE31000162778 /* MapInfoRequests.swift */,
				198784BA249EE31000162778 /* PVPRequests.swift */,
				198784BC249EE31000162778 /* GameMechanicsRequests.swift */,
			);
			path = Requests;
			sourceTree = "<group>";
		};
		198784BE249EE31000162778 /* JSON Models */ = {
			isa = PBXGroup;
			children = (
				198784BF249EE31000162778 /* Misc */,
				198784CB249EE31000162778 /* Achievements */,
				198784D0249EE31000162778 /* Trading Post */,
				198784D5249EE31000162778 /* Authenticated */,
				198784E6249EE31000162778 /* Structured PVP */,
				198784EA249EE31000162778 /* Map Information */,
				198784F3249EE31000162778 /* Game Mechanics */,
				198784FD249EE31000162778 /* Items */,
				19878505249EE31000162778 /* Story */,
				1987850A249EE31100162778 /* World vs. World */,
				19878513249EE31100162778 /* Guild */,
			);
			path = "JSON Models";
			sourceTree = "<group>";
		};
		198784BF249EE31000162778 /* Misc */ = {
			isa = PBXGroup;
			children = (
				198784C0249EE31000162778 /* Raid.swift */,
				198784C1249EE31000162778 /* Dungeon.swift */,
				198784C2249EE31000162778 /* Currency.swift */,
				198784C3249EE31000162778 /* Mount.swift */,
				198784C4249EE31000162778 /* Title.swift */,
				198784C5249EE31000162778 /* File.swift */,
				198784C6249EE31000162778 /* Build.swift */,
				198784C7249EE31000162778 /* World.swift */,
				198784C8249EE31000162778 /* Minipet.swift */,
				198784C9249EE31000162778 /* Quaggan.swift */,
				198784CA249EE31000162778 /* Color.swift */,
			);
			path = Misc;
			sourceTree = "<group>";
		};
		198784CB249EE31000162778 /* Achievements */ = {
			isa = PBXGroup;
			children = (
				198784CC249EE31000162778 /* AchievementCategory.swift */,
				198784CD249EE31000162778 /* DailyAchievement.swift */,
				198784CE249EE31000162778 /* Achievement.swift */,
				198784CF249EE31000162778 /* AchievementGroup.swift */,
			);
			path = Achievements;
			sourceTree = "<group>";
		};
		198784D0249EE31000162778 /* Trading Post */ = {
			isa = PBXGroup;
			children = (
				198784D1249EE31000162778 /* CommercePrice.swift */,
				198784D2249EE31000162778 /* CommerceDelivery.swift */,
				198784D3249EE31000162778 /* CommerceListing.swift */,
				198784D4249EE31000162778 /* CommerceExchange.swift */,
			);
			path = "Trading Post";
			sourceTree = "<group>";
		};
		198784D5249EE31000162778 /* Authenticated */ = {
			isa = PBXGroup;
			children = (
				198784D6249EE31000162778 /* AccountPVPStats.swift */,
				198784D7249EE31000162778 /* AccountMasteryPoints.swift */,
				198784D8249EE31000162778 /* AccountPVPGame.swift */,
				198784D9249EE31000162778 /* AccountInventoryItem.swift */,
				198784DA249EE31000162778 /* AccountCharacter.swift */,
				198784DB249EE31000162778 /* AccountTransaction.swift */,
				198784DC249EE31000162778 /* AccountAchievement.swift */,
				198784DD249EE31000162778 /* AccountWalletItem.swift */,
				198784DE249EE31000162778 /* AccountPVPStandings.swift */,
				198784DF249EE31000162778 /* AccountToken.swift */,
				198784E0249EE31000162778 /* AccountBankItem.swift */,
				198784E1249EE31000162778 /* AccountCat.swift */,
				198784E2249EE31000162778 /* Account.swift */,
				198784E3249EE31000162778 /* AccountFinisher.swift */,
				198784E4249EE31000162778 /* AccountMaterial.swift */,
				198784E5249EE31000162778 /* AccountMastery.swift */,
			);
			path = Authenticated;
			sourceTree = "<group>";
		};
		198784E6249EE31000162778 /* Structured PVP */ = {
			isa = PBXGroup;
			children = (
				198784E7249EE31000162778 /* PVPSeasonLeaderboard.swift */,
				198784E8249EE31000162778 /* PVPSeason.swift */,
				198784E9249EE31000162778 /* PVPRank.swift */,
			);
			path = "Structured PVP";
			sourceTree = "<group>";
		};
		198784EA249EE31000162778 /* Map Information */ = {
			isa = PBXGroup;
			children = (
				198784EB249EE31000162778 /* DetailedMap.swift */,
				198784EC249EE31000162778 /* Continent.swift */,
				198784ED249EE31000162778 /* Region.swift */,
				198784EE249EE31000162778 /* Sector.swift */,
				198784EF249EE31000162778 /* POI.swift */,
				198784F0249EE31000162778 /* Map.swift */,
				198784F1249EE31000162778 /* Task.swift */,
				198784F2249EE31000162778 /* Floor.swift */,
			);
			path = "Map Information";
			sourceTree = "<group>";
		};
		198784F3249EE31000162778 /* Game Mechanics */ = {
			isa = PBXGroup;
			children = (
				198784F4249EE31000162778 /* Specialization.swift */,
				198784F5249EE31000162778 /* Race.swift */,
				198784F6249EE31000162778 /* Legend.swift */,
				198784F7249EE31000162778 /* Trait.swift */,
				198784F8249EE31000162778 /* Profession.swift */,
				198784F9249EE31000162778 /* Outfit.swift */,
				198784FA249EE31000162778 /* Mastery.swift */,
				198784FB249EE31000162778 /* Pet.swift */,
				198784FC249EE31000162778 /* Skill.swift */,
			);
			path = "Game Mechanics";
			sourceTree = "<group>";
		};
		198784FD249EE31000162778 /* Items */ = {
			isa = PBXGroup;
			children = (
				198784FE249EE31000162778 /* Recipe.swift */,
				198784FF249EE31000162778 /* Item.swift */,
				19878500249EE31000162778 /* PVPAmulet.swift */,
				19878501249EE31000162778 /* ItemStats.swift */,
				19878502249EE31000162778 /* Skin.swift */,
				19878503249EE31000162778 /* Finisher.swift */,
				19878504249EE31000162778 /* Material.swift */,
			);
			path = Items;
			sourceTree = "<group>";
		};
		19878505249EE31000162778 /* Story */ = {
			isa = PBXGroup;
			children = (
				19878506249EE31000162778 /* BackstoryQuestion.swift */,
				19878507249EE31000162778 /* StorySeason.swift */,
				19878508249EE31000162778 /* BackstoryAnswer.swift */,
				19878509249EE31000162778 /* Story.swift */,
			);
			path = Story;
			sourceTree = "<group>";
		};
		1987850A249EE31100162778 /* World vs. World */ = {
			isa = PBXGroup;
			children = (
				1987850B249EE31100162778 /* WVWAbility.swift */,
				1987850C249EE31100162778 /* WVWMatchScore.swift */,
				1987850D249EE31100162778 /* WVWMatch.swift */,
				1987850E249EE31100162778 /* WVWMatchStats.swift */,
				1987850F249EE31100162778 /* WVWUpgrade.swift */,
				19878510249EE31100162778 /* WVWObjective.swift */,
				19878511249EE31100162778 /* WVWRank.swift */,
				19878512249EE31100162778 /* WVWMatchOverview.swift */,
			);
			path = "World vs. World";
			sourceTree = "<group>";
		};
		19878513249EE31100162778 /* Guild */ = {
			isa = PBXGroup;
			children = (
				19878514249EE31100162778 /* GuildDetails.swift */,
				19878515249EE31100162778 /* GuildEmblem.swift */,
				19878516249EE31100162778 /* GuildStash.swift */,
				19878517249EE31100162778 /* Permissions.swift */,
				19878518249EE31100162778 /* GuildLog.swift */,
				19878519249EE31100162778 /* GuildMember.swift */,
				1987851A249EE31100162778 /* GuildUpgrade.swift */,
				1987851B249EE31100162778 /* GuildRank.swift */,
				1987851C249EE31100162778 /* GuildTreasury.swift */,
				1987851D249EE31100162778 /* GuildTeam.swift */,
			);
			path = Guild;
			sourceTree = "<group>";
		};
/* End PBXGroup section */

/* Begin PBXHeadersBuildPhase section */
		19878481249EE2CF00162778 /* Headers */ = {
			isa = PBXHeadersBuildPhase;
			buildActionMask = 2147483647;
			files = (
				19878497249EE2CF00162778 /* GW2API.h in Headers */,
			);
			runOnlyForDeploymentPostprocessing = 0;
		};
/* End PBXHeadersBuildPhase section */

/* Begin PBXNativeTarget section */
		19878485249EE2CF00162778 /* GW2API */ = {
			isa = PBXNativeTarget;
			buildConfigurationList = 1987849A249EE2CF00162778 /* Build configuration list for PBXNativeTarget "GW2API" */;
			buildPhases = (
				19878481249EE2CF00162778 /* Headers */,
				19878482249EE2CF00162778 /* Sources */,
				19878483249EE2CF00162778 /* Frameworks */,
				19878484249EE2CF00162778 /* Resources */,
			);
			buildRules = (
			);
			dependencies = (
			);
			name = GW2API;
			packageProductDependencies = (
				198785AC249EE37C00162778 /* APIClient */,
			);
			productName = GW2API;
			productReference = 19878486249EE2CF00162778 /* GW2API.framework */;
			productType = "com.apple.product-type.framework";
		};
		1987848E249EE2CF00162778 /* GW2APITests */ = {
			isa = PBXNativeTarget;
			buildConfigurationList = 1987849D249EE2CF00162778 /* Build configuration list for PBXNativeTarget "GW2APITests" */;
			buildPhases = (
				1987848B249EE2CF00162778 /* Sources */,
				1987848C249EE2CF00162778 /* Frameworks */,
				1987848D249EE2CF00162778 /* Resources */,
			);
			buildRules = (
			);
			dependencies = (
				19878492249EE2CF00162778 /* PBXTargetDependency */,
			);
			name = GW2APITests;
			productName = GW2APITests;
			productReference = 1987848F249EE2CF00162778 /* GW2APITests.xctest */;
			productType = "com.apple.product-type.bundle.unit-test";
		};
/* End PBXNativeTarget section */

/* Begin PBXProject section */
		1987847D249EE2CF00162778 /* Project object */ = {
			isa = PBXProject;
			attributes = {
				LastSwiftUpdateCheck = 1110;
				LastUpgradeCheck = 1110;
				ORGANIZATIONNAME = "Jonathan Bailey";
				TargetAttributes = {
					19878485249EE2CF00162778 = {
						CreatedOnToolsVersion = 11.1;
						LastSwiftMigration = 1110;
					};
					1987848E249EE2CF00162778 = {
						CreatedOnToolsVersion = 11.1;
					};
				};
			};
			buildConfigurationList = 19878480249EE2CF00162778 /* Build configuration list for PBXProject "GW2API" */;
			compatibilityVersion = "Xcode 9.3";
			developmentRegion = en;
			hasScannedForEncodings = 0;
			knownRegions = (
				en,
				Base,
			);
			mainGroup = 1987847C249EE2CF00162778;
			packageReferences = (
				198785AB249EE37C00162778 /* XCRemoteSwiftPackageReference "APIClient" */,
			);
			productRefGroup = 19878487249EE2CF00162778 /* Products */;
			projectDirPath = "";
			projectRoot = "";
			targets = (
				19878485249EE2CF00162778 /* GW2API */,
				1987848E249EE2CF00162778 /* GW2APITests */,
			);
		};
/* End PBXProject section */

/* Begin PBXResourcesBuildPhase section */
		19878484249EE2CF00162778 /* Resources */ = {
			isa = PBXResourcesBuildPhase;
			buildActionMask = 2147483647;
			files = (
			);
			runOnlyForDeploymentPostprocessing = 0;
		};
		1987848D249EE2CF00162778 /* Resources */ = {
			isa = PBXResourcesBuildPhase;
			buildActionMask = 2147483647;
			files = (
				198785E024A07B7D00162778 /* test_data.json in Resources */,
			);
			runOnlyForDeploymentPostprocessing = 0;
		};
/* End PBXResourcesBuildPhase section */

/* Begin PBXSourcesBuildPhase section */
		19878482249EE2CF00162778 /* Sources */ = {
			isa = PBXSourcesBuildPhase;
			buildActionMask = 2147483647;
			files = (
				19878566249EE31100162778 /* Floor.swift in Sources */,
				19878554249EE31100162778 /* AccountPVPStandings.swift in Sources */,
				1987858C249EE31100162778 /* GuildTeam.swift in Sources */,
				19878549249EE31100162778 /* CommerceDelivery.swift in Sources */,
				19878553249EE31100162778 /* AccountWalletItem.swift in Sources */,
				19878577249EE31100162778 /* BackstoryQuestion.swift in Sources */,
				1987854A249EE31100162778 /* CommerceListing.swift in Sources */,
				19878561249EE31100162778 /* Region.swift in Sources */,
				1987852A249EE31100162778 /* TradingPostClient.swift in Sources */,
				198785B324A050E000162778 /* CharacterRequests.swift in Sources */,
				1987853C249EE31100162778 /* Mount.swift in Sources */,
				19878576249EE31100162778 /* Material.swift in Sources */,
				19878557249EE31100162778 /* AccountCat.swift in Sources */,
				1987858A249EE31100162778 /* GuildRank.swift in Sources */,
				19878570249EE31100162778 /* Recipe.swift in Sources */,
				19878571249EE31100162778 /* Item.swift in Sources */,
				1987858D249EE31100162778 /* GW2Client.swift in Sources */,
				19878548249EE31100162778 /* CommercePrice.swift in Sources */,
				19878528249EE31100162778 /* AchievementsClient.swift in Sources */,
				19878579249EE31100162778 /* BackstoryAnswer.swift in Sources */,
				19878564249EE31100162778 /* Map.swift in Sources */,
				1987857C249EE31100162778 /* WVWMatchScore.swift in Sources */,
				19878558249EE31100162778 /* Account.swift in Sources */,
				19878556249EE31100162778 /* AccountBankItem.swift in Sources */,
				19878521249EE31100162778 /* StoryClient.swift in Sources */,
				19878525249EE31100162778 /* GW2APIClient.swift in Sources */,
				1987853F249EE31100162778 /* Build.swift in Sources */,
				1987853E249EE31100162778 /* File.swift in Sources */,
				1987857D249EE31100162778 /* WVWMatch.swift in Sources */,
				19878523249EE31100162778 /* PVPClient.swift in Sources */,
				1987855D249EE31100162778 /* PVPSeason.swift in Sources */,
				19878578249EE31100162778 /* StorySeason.swift in Sources */,
				1987855A249EE31100162778 /* AccountMaterial.swift in Sources */,
				1987853B249EE31100162778 /* Currency.swift in Sources */,
				1987854F249EE31100162778 /* AccountInventoryItem.swift in Sources */,
				19878527249EE31100162778 /* MiscClient.swift in Sources */,
				19878586249EE31100162778 /* Permissions.swift in Sources */,
				198785D324A05E3E00162778 /* GW2ClientVersion.swift in Sources */,
				19878543249EE31100162778 /* Color.swift in Sources */,
				1987854D249EE31100162778 /* AccountMasteryPoints.swift in Sources */,
				1987852D249EE31100162778 /* APIUtil.swift in Sources */,
				19878583249EE31100162778 /* GuildDetails.swift in Sources */,
				19878575249EE31100162778 /* Finisher.swift in Sources */,
				19878535249EE31100162778 /* PVPRequests.swift in Sources */,
				1987852B249EE31100162778 /* WVWClient.swift in Sources */,
				19878560249EE31100162778 /* Continent.swift in Sources */,
				19878541249EE31100162778 /* Minipet.swift in Sources */,
				19878569249EE31100162778 /* Legend.swift in Sources */,
				1987856C249EE31100162778 /* Outfit.swift in Sources */,
				19878551249EE31100162778 /* AccountTransaction.swift in Sources */,
				19878559249EE31100162778 /* AccountFinisher.swift in Sources */,
				19878524249EE31100162778 /* GuildClient.swift in Sources */,
				19878550249EE31100162778 /* AccountCharacter.swift in Sources */,
				19878567249EE31100162778 /* Specialization.swift in Sources */,
				19878529249EE31100162778 /* GameMechanicsClient.swift in Sources */,
				19878580249EE31100162778 /* WVWObjective.swift in Sources */,
				1987856F249EE31100162778 /* Skill.swift in Sources */,
				19878531249EE31100162778 /* ItemsRequests.swift in Sources */,
				19878568249EE31100162778 /* Race.swift in Sources */,
				1987853A249EE31100162778 /* Dungeon.swift in Sources */,
				19878582249EE31100162778 /* WVWMatchOverview.swift in Sources */,
				19878534249EE31100162778 /* MapInfoRequests.swift in Sources */,
				19878563249EE31100162778 /* POI.swift in Sources */,
				1987855F249EE31100162778 /* DetailedMap.swift in Sources */,
				19878589249EE31100162778 /* GuildUpgrade.swift in Sources */,
				1987856E249EE31100162778 /* Pet.swift in Sources */,
				1987858B249EE31100162778 /* GuildTreasury.swift in Sources */,
				19878540249EE31100162778 /* World.swift in Sources */,
				19878562249EE31100162778 /* Sector.swift in Sources */,
				1987855B249EE31100162778 /* AccountMastery.swift in Sources */,
				19878547249EE31100162778 /* AchievementGroup.swift in Sources */,
				19878542249EE31100162778 /* Quaggan.swift in Sources */,
				19878573249EE31100162778 /* ItemStats.swift in Sources */,
				1987851F249EE31100162778 /* String+regex.swift in Sources */,
				19878544249EE31100162778 /* AchievementCategory.swift in Sources */,
				1987857F249EE31100162778 /* WVWUpgrade.swift in Sources */,
				19878532249EE31100162778 /* MiscRequests.swift in Sources */,
				1987856B249EE31100162778 /* Profession.swift in Sources */,
				1987855E249EE31100162778 /* PVPRank.swift in Sources */,
				19878522249EE31100162778 /* AuthenticatedClient.swift in Sources */,
				19878572249EE31100162778 /* PVPAmulet.swift in Sources */,
				19878588249EE31100162778 /* GuildMember.swift in Sources */,
				19878587249EE31100162778 /* GuildLog.swift in Sources */,
				19878520249EE31100162778 /* ItemsClient.swift in Sources */,
				19878537249EE31100162778 /* GameMechanicsRequests.swift in Sources */,
				19878546249EE31100162778 /* Achievement.swift in Sources */,
				19878574249EE31100162778 /* Skin.swift in Sources */,
				1987854B249EE31100162778 /* CommerceExchange.swift in Sources */,
				19878526249EE31100162778 /* MapInfoClient.swift in Sources */,
				1987852E249EE31100162778 /* StoryRequests.swift in Sources */,
				19878555249EE31100162778 /* AccountToken.swift in Sources */,
				19878585249EE31100162778 /* GuildStash.swift in Sources */,
				1987857E249EE31100162778 /* WVWMatchStats.swift in Sources */,
				1987857B249EE31100162778 /* WVWAbility.swift in Sources */,
				19878533249EE31100162778 /* GuildRequests.swift in Sources */,
				1987855C249EE31100162778 /* PVPSeasonLeaderboard.swift in Sources */,
				19878565249EE31100162778 /* Task.swift in Sources */,
				1987857A249EE31100162778 /* Story.swift in Sources */,
				19878545249EE31100162778 /* DailyAchievement.swift in Sources */,
				19878538249EE31100162778 /* AchievementsRequests.swift in Sources */,
				1987852F249EE31100162778 /* TradingPostRequests.swift in Sources */,
				1987856D249EE31100162778 /* Mastery.swift in Sources */,
				19878539249EE31100162778 /* Raid.swift in Sources */,
				1987852C249EE31100162778 /* GW2ClientLanguage.swift in Sources */,
				1987856A249EE31100162778 /* Trait.swift in Sources */,
				19878584249EE31100162778 /* GuildEmblem.swift in Sources */,
				198785AF24A0505100162778 /* AccountRequests.swift in Sources */,
				19878581249EE31100162778 /* WVWRank.swift in Sources */,
				1987854E249EE31100162778 /* AccountPVPGame.swift in Sources */,
				19878530249EE31100162778 /* WVWRequests.swift in Sources */,
				19878552249EE31100162778 /* AccountAchievement.swift in Sources */,
				1987854C249EE31100162778 /* AccountPVPStats.swift in Sources */,
				1987853D249EE31100162778 /* Title.swift in Sources */,
			);
			runOnlyForDeploymentPostprocessing = 0;
		};
		1987848B249EE2CF00162778 /* Sources */ = {
			isa = PBXSourcesBuildPhase;
			buildActionMask = 2147483647;
			files = (
				198785A1249EE32F00162778 /* TradingPostTests.swift in Sources */,
				198785A2249EE32F00162778 /* MiscTests.swift in Sources */,
				198785A0249EE32F00162778 /* ItemsTests.swift in Sources */,
				198785A4249EE32F00162778 /* GuildAuthenticatedTests.swift in Sources */,
				198785A3249EE32F00162778 /* StoryTests.swift in Sources */,
				1987859E249EE32F00162778 /* WVWTests.swift in Sources */,
				1987859F249EE32F00162778 /* PVPTests.swift in Sources */,
				198785A6249EE32F00162778 /* AuthenticatedTests.swift in Sources */,
				198785A5249EE32F00162778 /* GW2APITestVariables.swift in Sources */,
				198785A8249EE32F00162778 /* AchievementsTests.swift in Sources */,
				198785AA249EE32F00162778 /* GuildTests.swift in Sources */,
				1987859D249EE32F00162778 /* GameMechanicsTests.swift in Sources */,
				198785A7249EE32F00162778 /* MapInfoTests.swift in Sources */,
			);
			runOnlyForDeploymentPostprocessing = 0;
		};
/* End PBXSourcesBuildPhase section */

/* Begin PBXTargetDependency section */
		19878492249EE2CF00162778 /* PBXTargetDependency */ = {
			isa = PBXTargetDependency;
			target = 19878485249EE2CF00162778 /* GW2API */;
			targetProxy = 19878491249EE2CF00162778 /* PBXContainerItemProxy */;
		};
/* End PBXTargetDependency section */

/* Begin XCBuildConfiguration section */
		19878498249EE2CF00162778 /* Debug */ = {
			isa = XCBuildConfiguration;
			buildSettings = {
				ALWAYS_SEARCH_USER_PATHS = NO;
				CLANG_ANALYZER_NONNULL = YES;
				CLANG_ANALYZER_NUMBER_OBJECT_CONVERSION = YES_AGGRESSIVE;
				CLANG_CXX_LANGUAGE_STANDARD = "gnu++14";
				CLANG_CXX_LIBRARY = "libc++";
				CLANG_ENABLE_MODULES = YES;
				CLANG_ENABLE_OBJC_ARC = YES;
				CLANG_ENABLE_OBJC_WEAK = YES;
				CLANG_WARN_BLOCK_CAPTURE_AUTORELEASING = YES;
				CLANG_WARN_BOOL_CONVERSION = YES;
				CLANG_WARN_COMMA = YES;
				CLANG_WARN_CONSTANT_CONVERSION = YES;
				CLANG_WARN_DEPRECATED_OBJC_IMPLEMENTATIONS = YES;
				CLANG_WARN_DIRECT_OBJC_ISA_USAGE = YES_ERROR;
				CLANG_WARN_DOCUMENTATION_COMMENTS = YES;
				CLANG_WARN_EMPTY_BODY = YES;
				CLANG_WARN_ENUM_CONVERSION = YES;
				CLANG_WARN_INFINITE_RECURSION = YES;
				CLANG_WARN_INT_CONVERSION = YES;
				CLANG_WARN_NON_LITERAL_NULL_CONVERSION = YES;
				CLANG_WARN_OBJC_IMPLICIT_RETAIN_SELF = YES;
				CLANG_WARN_OBJC_LITERAL_CONVERSION = YES;
				CLANG_WARN_OBJC_ROOT_CLASS = YES_ERROR;
				CLANG_WARN_RANGE_LOOP_ANALYSIS = YES;
				CLANG_WARN_STRICT_PROTOTYPES = YES;
				CLANG_WARN_SUSPICIOUS_MOVE = YES;
				CLANG_WARN_UNGUARDED_AVAILABILITY = YES_AGGRESSIVE;
				CLANG_WARN_UNREACHABLE_CODE = YES;
				CLANG_WARN__DUPLICATE_METHOD_MATCH = YES;
				COPY_PHASE_STRIP = NO;
				CURRENT_PROJECT_VERSION = 1;
				DEBUG_INFORMATION_FORMAT = dwarf;
				ENABLE_STRICT_OBJC_MSGSEND = YES;
				ENABLE_TESTABILITY = YES;
				GCC_C_LANGUAGE_STANDARD = gnu11;
				GCC_DYNAMIC_NO_PIC = NO;
				GCC_NO_COMMON_BLOCKS = YES;
				GCC_OPTIMIZATION_LEVEL = 0;
				GCC_PREPROCESSOR_DEFINITIONS = (
					"DEBUG=1",
					"$(inherited)",
				);
				GCC_WARN_64_TO_32_BIT_CONVERSION = YES;
				GCC_WARN_ABOUT_RETURN_TYPE = YES_ERROR;
				GCC_WARN_UNDECLARED_SELECTOR = YES;
				GCC_WARN_UNINITIALIZED_AUTOS = YES_AGGRESSIVE;
				GCC_WARN_UNUSED_FUNCTION = YES;
				GCC_WARN_UNUSED_VARIABLE = YES;
				IPHONEOS_DEPLOYMENT_TARGET = 13.1;
				MTL_ENABLE_DEBUG_INFO = INCLUDE_SOURCE;
				MTL_FAST_MATH = YES;
				ONLY_ACTIVE_ARCH = YES;
				SDKROOT = iphoneos;
				SWIFT_ACTIVE_COMPILATION_CONDITIONS = DEBUG;
				SWIFT_OPTIMIZATION_LEVEL = "-Onone";
				VERSIONING_SYSTEM = "apple-generic";
				VERSION_INFO_PREFIX = "";
			};
			name = Debug;
		};
		19878499249EE2CF00162778 /* Release */ = {
			isa = XCBuildConfiguration;
			buildSettings = {
				ALWAYS_SEARCH_USER_PATHS = NO;
				CLANG_ANALYZER_NONNULL = YES;
				CLANG_ANALYZER_NUMBER_OBJECT_CONVERSION = YES_AGGRESSIVE;
				CLANG_CXX_LANGUAGE_STANDARD = "gnu++14";
				CLANG_CXX_LIBRARY = "libc++";
				CLANG_ENABLE_MODULES = YES;
				CLANG_ENABLE_OBJC_ARC = YES;
				CLANG_ENABLE_OBJC_WEAK = YES;
				CLANG_WARN_BLOCK_CAPTURE_AUTORELEASING = YES;
				CLANG_WARN_BOOL_CONVERSION = YES;
				CLANG_WARN_COMMA = YES;
				CLANG_WARN_CONSTANT_CONVERSION = YES;
				CLANG_WARN_DEPRECATED_OBJC_IMPLEMENTATIONS = YES;
				CLANG_WARN_DIRECT_OBJC_ISA_USAGE = YES_ERROR;
				CLANG_WARN_DOCUMENTATION_COMMENTS = YES;
				CLANG_WARN_EMPTY_BODY = YES;
				CLANG_WARN_ENUM_CONVERSION = YES;
				CLANG_WARN_INFINITE_RECURSION = YES;
				CLANG_WARN_INT_CONVERSION = YES;
				CLANG_WARN_NON_LITERAL_NULL_CONVERSION = YES;
				CLANG_WARN_OBJC_IMPLICIT_RETAIN_SELF = YES;
				CLANG_WARN_OBJC_LITERAL_CONVERSION = YES;
				CLANG_WARN_OBJC_ROOT_CLASS = YES_ERROR;
				CLANG_WARN_RANGE_LOOP_ANALYSIS = YES;
				CLANG_WARN_STRICT_PROTOTYPES = YES;
				CLANG_WARN_SUSPICIOUS_MOVE = YES;
				CLANG_WARN_UNGUARDED_AVAILABILITY = YES_AGGRESSIVE;
				CLANG_WARN_UNREACHABLE_CODE = YES;
				CLANG_WARN__DUPLICATE_METHOD_MATCH = YES;
				COPY_PHASE_STRIP = NO;
				CURRENT_PROJECT_VERSION = 1;
				DEBUG_INFORMATION_FORMAT = "dwarf-with-dsym";
				ENABLE_NS_ASSERTIONS = NO;
				ENABLE_STRICT_OBJC_MSGSEND = YES;
				GCC_C_LANGUAGE_STANDARD = gnu11;
				GCC_NO_COMMON_BLOCKS = YES;
				GCC_WARN_64_TO_32_BIT_CONVERSION = YES;
				GCC_WARN_ABOUT_RETURN_TYPE = YES_ERROR;
				GCC_WARN_UNDECLARED_SELECTOR = YES;
				GCC_WARN_UNINITIALIZED_AUTOS = YES_AGGRESSIVE;
				GCC_WARN_UNUSED_FUNCTION = YES;
				GCC_WARN_UNUSED_VARIABLE = YES;
				IPHONEOS_DEPLOYMENT_TARGET = 13.1;
				MTL_ENABLE_DEBUG_INFO = NO;
				MTL_FAST_MATH = YES;
				SDKROOT = iphoneos;
				SWIFT_COMPILATION_MODE = wholemodule;
				SWIFT_OPTIMIZATION_LEVEL = "-O";
				VALIDATE_PRODUCT = YES;
				VERSIONING_SYSTEM = "apple-generic";
				VERSION_INFO_PREFIX = "";
			};
			name = Release;
		};
		1987849B249EE2CF00162778 /* Debug */ = {
			isa = XCBuildConfiguration;
			buildSettings = {
				CLANG_ENABLE_MODULES = YES;
				CODE_SIGN_STYLE = Automatic;
				DEFINES_MODULE = YES;
				DEVELOPMENT_TEAM = 49J6GMFE89;
				DYLIB_COMPATIBILITY_VERSION = 1;
				DYLIB_CURRENT_VERSION = 1;
				DYLIB_INSTALL_NAME_BASE = "@rpath";
				INFOPLIST_FILE = Source/Info.plist;
				INSTALL_PATH = "$(LOCAL_LIBRARY_DIR)/Frameworks";
				LD_RUNPATH_SEARCH_PATHS = (
					"$(inherited)",
					"@executable_path/Frameworks",
					"@loader_path/Frameworks",
				);
				PRODUCT_BUNDLE_IDENTIFIER = com.zhendryk.GW2API;
				PRODUCT_NAME = "$(TARGET_NAME:c99extidentifier)";
				SKIP_INSTALL = YES;
				SWIFT_OPTIMIZATION_LEVEL = "-Onone";
				SWIFT_VERSION = 5.0;
				TARGETED_DEVICE_FAMILY = "1,2";
			};
			name = Debug;
		};
		1987849C249EE2CF00162778 /* Release */ = {
			isa = XCBuildConfiguration;
			buildSettings = {
				CLANG_ENABLE_MODULES = YES;
				CODE_SIGN_STYLE = Automatic;
				DEFINES_MODULE = YES;
				DEVELOPMENT_TEAM = 49J6GMFE89;
				DYLIB_COMPATIBILITY_VERSION = 1;
				DYLIB_CURRENT_VERSION = 1;
				DYLIB_INSTALL_NAME_BASE = "@rpath";
				INFOPLIST_FILE = Source/Info.plist;
				INSTALL_PATH = "$(LOCAL_LIBRARY_DIR)/Frameworks";
				LD_RUNPATH_SEARCH_PATHS = (
					"$(inherited)",
					"@executable_path/Frameworks",
					"@loader_path/Frameworks",
				);
				PRODUCT_BUNDLE_IDENTIFIER = com.zhendryk.GW2API;
				PRODUCT_NAME = "$(TARGET_NAME:c99extidentifier)";
				SKIP_INSTALL = YES;
				SWIFT_VERSION = 5.0;
				TARGETED_DEVICE_FAMILY = "1,2";
			};
			name = Release;
		};
		1987849E249EE2CF00162778 /* Debug */ = {
			isa = XCBuildConfiguration;
			buildSettings = {
				ALWAYS_EMBED_SWIFT_STANDARD_LIBRARIES = YES;
				CODE_SIGN_STYLE = Automatic;
				DEVELOPMENT_TEAM = 49J6GMFE89;
				INFOPLIST_FILE = Tests/Info.plist;
				LD_RUNPATH_SEARCH_PATHS = (
					"$(inherited)",
					"@executable_path/Frameworks",
					"@loader_path/Frameworks",
				);
				PRODUCT_BUNDLE_IDENTIFIER = com.zhendryk.GW2APITests;
				PRODUCT_NAME = "$(TARGET_NAME)";
				SWIFT_VERSION = 5.0;
				TARGETED_DEVICE_FAMILY = "1,2";
			};
			name = Debug;
		};
		1987849F249EE2CF00162778 /* Release */ = {
			isa = XCBuildConfiguration;
			buildSettings = {
				ALWAYS_EMBED_SWIFT_STANDARD_LIBRARIES = YES;
				CODE_SIGN_STYLE = Automatic;
				DEVELOPMENT_TEAM = 49J6GMFE89;
				INFOPLIST_FILE = Tests/Info.plist;
				LD_RUNPATH_SEARCH_PATHS = (
					"$(inherited)",
					"@executable_path/Frameworks",
					"@loader_path/Frameworks",
				);
				PRODUCT_BUNDLE_IDENTIFIER = com.zhendryk.GW2APITests;
				PRODUCT_NAME = "$(TARGET_NAME)";
				SWIFT_VERSION = 5.0;
				TARGETED_DEVICE_FAMILY = "1,2";
			};
			name = Release;
		};
/* End XCBuildConfiguration section */

/* Begin XCConfigurationList section */
		19878480249EE2CF00162778 /* Build configuration list for PBXProject "GW2API" */ = {
			isa = XCConfigurationList;
			buildConfigurations = (
				19878498249EE2CF00162778 /* Debug */,
				19878499249EE2CF00162778 /* Release */,
			);
			defaultConfigurationIsVisible = 0;
			defaultConfigurationName = Release;
		};
		1987849A249EE2CF00162778 /* Build configuration list for PBXNativeTarget "GW2API" */ = {
			isa = XCConfigurationList;
			buildConfigurations = (
				1987849B249EE2CF00162778 /* Debug */,
				1987849C249EE2CF00162778 /* Release */,
			);
			defaultConfigurationIsVisible = 0;
			defaultConfigurationName = Release;
		};
		1987849D249EE2CF00162778 /* Build configuration list for PBXNativeTarget "GW2APITests" */ = {
			isa = XCConfigurationList;
			buildConfigurations = (
				1987849E249EE2CF00162778 /* Debug */,
				1987849F249EE2CF00162778 /* Release */,
			);
			defaultConfigurationIsVisible = 0;
			defaultConfigurationName = Release;
		};
/* End XCConfigurationList section */

/* Begin XCRemoteSwiftPackageReference section */
		198785AB249EE37C00162778 /* XCRemoteSwiftPackageReference "APIClient" */ = {
			isa = XCRemoteSwiftPackageReference;
			repositoryURL = "https://github.com/Zhendryk/APIClient";
			requirement = {
				kind = upToNextMajorVersion;
				minimumVersion = 1.0.0;
			};
		};
/* End XCRemoteSwiftPackageReference section */

/* Begin XCSwiftPackageProductDependency section */
		198785AC249EE37C00162778 /* APIClient */ = {
			isa = XCSwiftPackageProductDependency;
			package = 198785AB249EE37C00162778 /* XCRemoteSwiftPackageReference "APIClient" */;
			productName = APIClient;
		};
/* End XCSwiftPackageProductDependency section */
	};
	rootObject = 1987847D249EE2CF00162778 /* Project object */;
}
